
Microsoft Visual Studio Solution File, Format Version 11.00
# Visual Studio 2010
Project("{FAE04EC0-301F-11D3-BF4B-00C04F79EFBC}") = "TrimFuel.Model", "TrimFuel.Model\TrimFuel.Model.csproj", "{4ACFDE23-A749-4967-9E9A-AA08AFADE555}"
EndProject
Project("{FAE04EC0-301F-11D3-BF4B-00C04F79EFBC}") = "TrimFuel.Encrypting", "TrimFuel.Encrypting\TrimFuel.Encrypting.csproj", "{A0CF6920-E0BE-4576-A580-E333C1095DEB}"
EndProject
Project("{FAE04EC0-301F-11D3-BF4B-00C04F79EFBC}") = "TrimFuel.ComPlus", "TrimFuel.ComPlus\TrimFuel.ComPlus.csproj", "{28EAC108-766A-4FB3-9FE3-F489A6550BB9}"
EndProject
Project("{FAE04EC0-301F-11D3-BF4B-00C04F79EFBC}") = "TrimFuel.Business", "TrimFuel.Business\TrimFuel.Business.csproj", "{C5815D73-3CA3-4888-9E55-331A527B3DD6}"
EndProject
Global
	GlobalSection(SolutionConfigurationPlatforms) = preSolution
		Debug|Any CPU = Debug|Any CPU
		Release|Any CPU = Release|Any CPU
	EndGlobalSection
	GlobalSection(ProjectConfigurationPlatforms) = postSolution
		{4ACFDE23-A749-4967-9E9A-AA08AFADE555}.Debug|Any CPU.ActiveCfg = Debug|Any CPU
		{4ACFDE23-A749-4967-9E9A-AA08AFADE555}.Debug|Any CPU.Build.0 = Debug|Any CPU
		{4ACFDE23-A749-4967-9E9A-AA08AFADE555}.Release|Any CPU.ActiveCfg = Release|Any CPU
		{4ACFDE23-A749-4967-9E9A-AA08AFADE555}.Release|Any CPU.Build.0 = Release|Any CPU
		{A0CF6920-E0BE-4576-A580-E333C1095DEB}.Debug|Any CPU.ActiveCfg = Debug|Any CPU
		{A0CF6920-E0BE-4576-A580-E333C1095DEB}.Debug|Any CPU.Build.0 = Debug|Any CPU
		{A0CF6920-E0BE-4576-A580-E333C1095DEB}.Release|Any CPU.ActiveCfg = Release|Any CPU
		{A0CF6920-E0BE-4576-A580-E333C1095DEB}.Release|Any CPU.Build.0 = Release|Any CPU
		{28EAC108-766A-4FB3-9FE3-F489A6550BB9}.Debug|Any CPU.ActiveCfg = Debug|Any CPU
		{28EAC108-766A-4FB3-9FE3-F489A6550BB9}.Debug|Any CPU.Build.0 = Debug|Any CPU
		{28EAC108-766A-4FB3-9FE3-F489A6550BB9}.Release|Any CPU.ActiveCfg = Release|Any CPU
		{28EAC108-766A-4FB3-9FE3-F489A6550BB9}.Release|Any CPU.Build.0 = Release|Any CPU
		{C5815D73-3CA3-4888-9E55-331A527B3DD6}.Debug|Any CPU.ActiveCfg = Debug|Any CPU
		{C5815D73-3CA3-4888-9E55-331A527B3DD6}.Debug|Any CPU.Build.0 = Debug|Any CPU
		{C5815D73-3CA3-4888-9E55-331A527B3DD6}.Release|Any CPU.ActiveCfg = Release|Any CPU
		{C5815D73-3CA3-4888-9E55-331A527B3DD6}.Release|Any CPU.Build.0 = Release|Any CPU
	EndGlobalSection
	GlobalSection(SolutionProperties) = preSolution
		HideSolutionNode = FALSE
	EndGlobalSection
EndGlobal
