
Microsoft Visual Studio Solution File, Format Version 11.00
# Visual Studio 2010
Project("{2150E333-8FDC-42A3-9474-1A3956D46DE8}") = "Libs", "Libs", "{6A221F07-DDD2-4E5C-8D96-F197D48E28AD}"
	ProjectSection(SolutionItems) = preProject
		Libs\BouncyCastle.Crypto.dll = Libs\BouncyCastle.Crypto.dll
		Libs\DocumentFormat.OpenXml.dll = Libs\DocumentFormat.OpenXml.dll
		Libs\Intelligencia.UrlRewriter.dll = Libs\Intelligencia.UrlRewriter.dll
		Libs\log4net.dll = Libs\log4net.dll
		Libs\log4net.license.txt = Libs\log4net.license.txt
		Libs\MySql.Data.dll = Libs\MySql.Data.dll
	EndProjectSection
EndProject
Project("{2150E333-8FDC-42A3-9474-1A3956D46DE8}") = "Logs", "Logs", "{2A9BB9F2-92C4-40DB-9E0F-4BF92727FB52}"
EndProject
Project("{2150E333-8FDC-42A3-9474-1A3956D46DE8}") = "Webs", "Webs", "{13A1A91D-0CA8-49DD-9CE7-BCCCCF4DBBAC}"
EndProject
Project("{2150E333-8FDC-42A3-9474-1A3956D46DE8}") = "Test", "Test", "{F9FB1A35-150E-4D30-AB5E-A130DEA76E78}"
EndProject
Project("{2150E333-8FDC-42A3-9474-1A3956D46DE8}") = "Jobs", "Jobs", "{0EE28FA5-E11D-4EAD-BA95-576778255D00}"
EndProject
Project("{2150E333-8FDC-42A3-9474-1A3956D46DE8}") = "Tools", "Tools", "{CBD9A9D1-3514-4DE3-84BB-E8A278E28AD9}"
EndProject
Project("{2150E333-8FDC-42A3-9474-1A3956D46DE8}") = "SNK", "SNK", "{AFD0BA40-F325-4220-BF2D-E81C9F719B47}"
	ProjectSection(SolutionItems) = preProject
		SNK\trimfuel.snk = SNK\trimfuel.snk
	EndProjectSection
EndProject
Project("{2150E333-8FDC-42A3-9474-1A3956D46DE8}") = "Scripts", "Scripts", "{335B38E7-845C-4D6E-BCC7-BFBD47D8B678}"
EndProject
Project("{FAE04EC0-301F-11D3-BF4B-00C04F79EFBC}") = "TrimFuel.Model", "TrimFuel.Model\TrimFuel.Model.csproj", "{4ACFDE23-A749-4967-9E9A-AA08AFADE555}"
EndProject
Project("{FAE04EC0-301F-11D3-BF4B-00C04F79EFBC}") = "TrimFuel.Business", "TrimFuel.Business\TrimFuel.Business.csproj", "{C5815D73-3CA3-4888-9E55-331A527B3DD6}"
EndProject
Project("{FAE04EC0-301F-11D3-BF4B-00C04F79EFBC}") = "Gateways", "Test\Gateways\Gateways.csproj", "{E7CB8DA4-CFD8-4156-AD18-9AF80C331D94}"
EndProject
Project("{FAE04EC0-301F-11D3-BF4B-00C04F79EFBC}") = "General", "Webs\General\General.csproj", "{430A6A72-F18E-4CED-AF17-159764333772}"
EndProject
Project("{FAE04EC0-301F-11D3-BF4B-00C04F79EFBC}") = "CancellationEmailsSender", "Jobs\CancellationEmailsSender\CancellationEmailsSender.csproj", "{E28743F3-A529-4782-B51B-8EFC0415DDE0}"
EndProject
Project("{FAE04EC0-301F-11D3-BF4B-00C04F79EFBC}") = "TrimFuel.WebServices.Test", "Test\TrimFuel.WebServices.Test\TrimFuel.WebServices.Test.csproj", "{F7A7A1D6-C9A2-4A4C-A09E-E12474355486}"
EndProject
Project("{FAE04EC0-301F-11D3-BF4B-00C04F79EFBC}") = "Ecigsbrand.Store1", "Webs\Ecigsbrand.Store1\Ecigsbrand.Store1.csproj", "{58D3EC28-8FB3-4FBB-A1C2-04A132DD843C}"
EndProject
Project("{FAE04EC0-301F-11D3-BF4B-00C04F79EFBC}") = "ChargebackImport", "Jobs\ChargebackImport\ChargebackImport.csproj", "{76908B50-22D9-4047-A657-F4ED63478C8F}"
EndProject
Project("{FAE04EC0-301F-11D3-BF4B-00C04F79EFBC}") = "InactiveUserReactivationBatchEmail", "Jobs\InactiveUserReactivationBatchEmail\InactiveUserReactivationBatchEmail.csproj", "{36A7422A-409A-4E03-BC62-D6296464136D}"
EndProject
Project("{FAE04EC0-301F-11D3-BF4B-00C04F79EFBC}") = "WrongSHWtoCSV", "Jobs\WrongSHWtoCSV\WrongSHWtoCSV.csproj", "{FF8E19E2-1A33-453B-80DD-0E80F40C0461}"
EndProject
Project("{FAE04EC0-301F-11D3-BF4B-00C04F79EFBC}") = "VoidQueueProcessing", "Jobs\VoidQueueProcessing\VoidQueueProcessing.csproj", "{97BDE38F-4E22-4451-9275-34FFC85FCA0A}"
EndProject
Project("{FAE04EC0-301F-11D3-BF4B-00C04F79EFBC}") = "RemoteWSTest", "Test\RemoteWSTest\RemoteWSTest.csproj", "{0C2F2C00-C401-4AD1-9F24-BFB80C91F516}"
EndProject
Project("{FAE04EC0-301F-11D3-BF4B-00C04F79EFBC}") = "TrimFuel.Web.UI", "TrimFuel.Web.UI\TrimFuel.Web.UI.csproj", "{326A9544-9CFB-4A4E-966B-7D122DDC0738}"
EndProject
Project("{FAE04EC0-301F-11D3-BF4B-00C04F79EFBC}") = "TrimFuel.Web.Admin", "Webs\TrimFuel.Web.Admin\TrimFuel.Web.Admin.csproj", "{569D5CA3-E894-403B-9406-F96ED5CA5A95}"
	ProjectSection(ProjectDependencies) = postProject
		{4ACFDE23-A749-4967-9E9A-AA08AFADE555} = {4ACFDE23-A749-4967-9E9A-AA08AFADE555}
		{C5815D73-3CA3-4888-9E55-331A527B3DD6} = {C5815D73-3CA3-4888-9E55-331A527B3DD6}
	EndProjectSection
EndProject
Project("{FAE04EC0-301F-11D3-BF4B-00C04F79EFBC}") = "SentErr13Email", "Jobs\SentErr13Email\SentErr13Email.csproj", "{B75FEA5B-5997-41B8-B8FA-ABB8FD35460E}"
EndProject
Project("{FAE04EC0-301F-11D3-BF4B-00C04F79EFBC}") = "ABFStatusCheck", "Jobs\ABFStatusCheck\ABFStatusCheck.csproj", "{E90FD0B2-8D8A-4290-878F-F1612017BB07}"
EndProject
Project("{FAE04EC0-301F-11D3-BF4B-00C04F79EFBC}") = "KeymailSendPendingOrders", "Jobs\KeymailSendPendingOrders\KeymailSendPendingOrders.csproj", "{9C19C79A-B56C-49FB-877B-AA29412C207F}"
EndProject
Project("{FAE04EC0-301F-11D3-BF4B-00C04F79EFBC}") = "RefererPromotion1BatchEmail", "Jobs\RefererPromotion1BatchEmail\RefererPromotion1BatchEmail.csproj", "{3C2BAF32-F4E1-4D8C-B06E-F1FB76E7629D}"
EndProject
Project("{FAE04EC0-301F-11D3-BF4B-00C04F79EFBC}") = "Kaboom.Store1", "Webs\Kaboom.Store1\Kaboom.Store1.csproj", "{49BF471C-D2FC-400D-B44D-883DEC2A8B50}"
EndProject
Project("{FAE04EC0-301F-11D3-BF4B-00C04F79EFBC}") = "TrimFuel.WebServices.BillingAPI", "Webs\TrimFuel.WebServices.BillingAPI\TrimFuel.WebServices.BillingAPI.csproj", "{B25C250F-2FFC-4BD8-B574-C4854A3FB4E5}"
EndProject
Project("{FAE04EC0-301F-11D3-BF4B-00C04F79EFBC}") = "TrimFuel.Web.Module", "TrimFuel.Web.Module\TrimFuel.Web.Module.csproj", "{A372D709-5DA9-4635-8DD4-14FC8E99AA8C}"
EndProject
Project("{FAE04EC0-301F-11D3-BF4B-00C04F79EFBC}") = "TrimFuel.Encrypting", "TrimFuel.Encrypting\TrimFuel.Encrypting.csproj", "{A0CF6920-E0BE-4576-A580-E333C1095DEB}"
EndProject
Project("{FAE04EC0-301F-11D3-BF4B-00C04F79EFBC}") = "CCEncrypting", "Tools\CCEncrypting\CCEncrypting.csproj", "{1451D0FC-4788-443C-B00E-E9F33CEB908D}"
EndProject
Project("{FAE04EC0-301F-11D3-BF4B-00C04F79EFBC}") = "TrimFuel.ComPlus", "TrimFuel.ComPlus\TrimFuel.ComPlus.csproj", "{28EAC108-766A-4FB3-9FE3-F489A6550BB9}"
EndProject
Project("{FAE04EC0-301F-11D3-BF4B-00C04F79EFBC}") = "MFCDailySaleReport", "Jobs\MFCDailySaleReport\MFCDailySaleReport.csproj", "{08783B4E-0F91-4923-898B-590033FF4264}"
EndProject
Project("{FAE04EC0-301F-11D3-BF4B-00C04F79EFBC}") = "TrimFuel.WebServices.BillingAPI_old", "Webs\TrimFuel.WebServices.BillingAPI_old\TrimFuel.WebServices.BillingAPI_old.csproj", "{77A15828-07A9-44E9-8659-E70557D5B5FA}"
EndProject
Project("{FAE04EC0-301F-11D3-BF4B-00C04F79EFBC}") = "AragonLeads", "Jobs\AragonLeads\AragonLeads.csproj", "{F83A1DAE-B0FC-4CF7-8A83-E667D650B1AD}"
EndProject
Project("{FAE04EC0-301F-11D3-BF4B-00C04F79EFBC}") = "JMB_MergeAccounts", "Jobs\JMB_MergeAccounts\JMB_MergeAccounts.csproj", "{573DD238-B059-4487-80F2-B63E24DEE539}"
EndProject
Project("{FAE04EC0-301F-11D3-BF4B-00C04F79EFBC}") = "Metabolab_BillImportedOrders", "Jobs\Metabolab_BillImportedOrders\Metabolab_BillImportedOrders.csproj", "{0AC3CD44-6FDD-4E0E-8B88-DA6FFA2F9343}"
EndProject
Project("{FAE04EC0-301F-11D3-BF4B-00C04F79EFBC}") = "STO_UpdateAragonLeads_VerificationDate", "Jobs\Scripts\STO_UpdateAragonLeads_VerificationDate\STO_UpdateAragonLeads_VerificationDate.csproj", "{08230AB8-9FC6-4FE3-B3D2-ECE08C1BBFBA}"
EndProject
Project("{FAE04EC0-301F-11D3-BF4B-00C04F79EFBC}") = "STO_ProcessAdditionalBillingSalesForSeveralTransactions", "Jobs\Scripts\STO_ProcessAdditionalBillingSalesForSeveralTransactions\STO_ProcessAdditionalBillingSalesForSeveralTransactions.csproj", "{739B5F36-75E0-4CE3-9333-487022587793}"
EndProject
Project("{FAE04EC0-301F-11D3-BF4B-00C04F79EFBC}") = "Metabolab_Import1", "Jobs\Scripts\Metabolab_Import1\Metabolab_Import1.csproj", "{1F32523F-B6D8-4A17-A4DB-409C3047EE78}"
EndProject
Project("{FAE04EC0-301F-11D3-BF4B-00C04F79EFBC}") = "TrimFuel.WebService.SupportAPI", "Webs\TrimFuel.WebService.SupportAPI\TrimFuel.WebService.SupportAPI.csproj", "{ED1775D7-E648-44C1-A105-388C7BF5B736}"
EndProject
Project("{FAE04EC0-301F-11D3-BF4B-00C04F79EFBC}") = "STO_InvalidCallNumberEmail", "Jobs\Scripts\STO_InvalidCallNumberEmail\STO_InvalidCallNumberEmail.csproj", "{0EC25F6C-F79E-49A3-96F3-02866D54D033}"
EndProject
Project("{FAE04EC0-301F-11D3-BF4B-00C04F79EFBC}") = "EPacificLinkLeads", "Jobs\EPacificLinkLeads\EPacificLinkLeads.csproj", "{8487CCFC-3A0F-4039-8361-626A4C09BFF3}"
EndProject
Project("{FAE04EC0-301F-11D3-BF4B-00C04F79EFBC}") = "TrimFuel.WebServices.ShippingAPI", "Webs\TrimFuel.WebServices.ShippingAPI\TrimFuel.WebServices.ShippingAPI.csproj", "{47306658-C6D5-4420-9048-2685A798BFB4}"
EndProject
Project("{FAE04EC0-301F-11D3-BF4B-00C04F79EFBC}") = "VeriSectPost", "Jobs\Scripts\VeriSectPost\VeriSectPost.csproj", "{B3C1D4A7-EE42-4EEA-BC87-73C025566C2B}"
EndProject
Project("{FAE04EC0-301F-11D3-BF4B-00C04F79EFBC}") = "JMB_Import2", "Jobs\Scripts\JMB_Import2\JMB_Import2.csproj", "{2DC37E32-149E-4E0E-B42E-0B0633F6B8E1}"
EndProject
Project("{FAE04EC0-301F-11D3-BF4B-00C04F79EFBC}") = "Bidooka_Import1", "Jobs\Scripts\Bidooka_Import1\Bidooka_Import1.csproj", "{A4D51C41-546D-4E7F-BF95-69B8EFC17D6C}"
EndProject
Project("{FAE04EC0-301F-11D3-BF4B-00C04F79EFBC}") = "CoAction_ChangeCountryAndPlans", "Jobs\Scripts\CoAction_ChangeCountryAndPlans\CoAction_ChangeCountryAndPlans.csproj", "{7F6325D7-E62B-4EA8-9CFF-704F51607D11}"
EndProject
Project("{FAE04EC0-301F-11D3-BF4B-00C04F79EFBC}") = "ExtractPaymentResponseText", "Jobs\Scripts\ExtractPaymentResponseText\ExtractPaymentResponseText.csproj", "{294E270F-B289-48DD-9616-BA037E3A548F}"
EndProject
Project("{FAE04EC0-301F-11D3-BF4B-00C04F79EFBC}") = "CoAction_ImportLimeLight", "Jobs\Scripts\CoAction_ImportLimeLight\CoAction_ImportLimeLight.csproj", "{4A692980-7C2B-4C37-BAF9-59CDB931F7D8}"
EndProject
Project("{FAE04EC0-301F-11D3-BF4B-00C04F79EFBC}") = "VeriSectRefund", "Jobs\Scripts\VeriSectRefundAndChargeback\VeriSectRefund.csproj", "{925090EF-3140-45F6-A369-4D3926680BC6}"
EndProject
Project("{FAE04EC0-301F-11D3-BF4B-00C04F79EFBC}") = "VeriSectChargeback", "Jobs\Scripts\VeriSectChargeback\VeriSectChargeback.csproj", "{2BFE69A6-C62E-4E7D-B3FB-55173F229D66}"
EndProject
Project("{FAE04EC0-301F-11D3-BF4B-00C04F79EFBC}") = "TrimFuel.Web.Store", "Webs\TrimFuel.Web.Store\TrimFuel.Web.Store.csproj", "{FFAD0B6F-4581-4BC4-A46A-0D07F342900C}"
EndProject
Project("{FAE04EC0-301F-11D3-BF4B-00C04F79EFBC}") = "TrimFuel.Web.RapidApp", "TrimFuel.Web.RapidApp\TrimFuel.Web.RapidApp.csproj", "{83C59AC2-600D-4091-8FBF-30040C766E7B}"
EndProject
Project("{FAE04EC0-301F-11D3-BF4B-00C04F79EFBC}") = "CoAction_BillQueuedTrials", "Jobs\Scripts\CoAction_BillQueuedTrials\CoAction_BillQueuedTrials.csproj", "{1AAC1CDD-0FEE-4EF1-BFAC-F782EEB64B51}"
EndProject
Project("{FAE04EC0-301F-11D3-BF4B-00C04F79EFBC}") = "CoAction_InventoryEmail", "Jobs\Scripts\CoAction_InventoryEmail\CoAction_InventoryEmail.csproj", "{C44B2121-BAC7-4E4C-B20C-DCB1C047D957}"
EndProject
Project("{FAE04EC0-301F-11D3-BF4B-00C04F79EFBC}") = "FitDiet.Store1", "Webs\FitDiet.Store1\FitDiet.Store1.csproj", "{02140B68-9FB1-40C0-87F8-B36A3C7EE668}"
EndProject
Project("{FAE04EC0-301F-11D3-BF4B-00C04F79EFBC}") = "Apex_MoveTransactions", "Jobs\Scripts\Apex_MoveTransactions\Apex_MoveTransactions.csproj", "{A72E83CE-5308-4324-A4DC-A09063735502}"
EndProject
Project("{FAE04EC0-301F-11D3-BF4B-00C04F79EFBC}") = "ApexProcessImport", "Jobs\Scripts\ApexProcessImport\ApexProcessImport\ApexProcessImport.csproj", "{5F030A6F-7A64-451D-A737-6997040C65CB}"
EndProject
Project("{FAE04EC0-301F-11D3-BF4B-00C04F79EFBC}") = "ApexRawImport", "Jobs\Scripts\ApexRawImport\ApexRawImport\ApexRawImport.csproj", "{D5A5AFC7-2284-42D1-BDB0-D9F4BE562F8A}"
EndProject
Project("{FAE04EC0-301F-11D3-BF4B-00C04F79EFBC}") = "Apex_MergeBilling", "Jobs\Apex_MergeBilling\Apex_MergeBilling.csproj", "{90D578FA-D6FF-4F28-B085-5BFB1ABBFEA5}"
EndProject
Project("{FAE04EC0-301F-11D3-BF4B-00C04F79EFBC}") = "TrimFuel.Web.DynamicCampaign", "TrimFuel.Web.DynamicCampaign\TrimFuel.Web.DynamicCampaign.csproj", "{BB6ADC53-9057-43C8-A64D-6E6F96DA34E8}"
EndProject
Project("{FAE04EC0-301F-11D3-BF4B-00C04F79EFBC}") = "ApexImport", "Jobs\Scripts\ApexImport\ApexImport.csproj", "{87B9408C-232F-48DD-AB47-46BD90E983CF}"
EndProject
Project("{FAE04EC0-301F-11D3-BF4B-00C04F79EFBC}") = "Apex_Import1", "Jobs\Scripts\Apex_Import1\Apex_Import1.csproj", "{4F60E2D9-7679-4979-842A-4A6FD34AA613}"
EndProject
Project("{FAE04EC0-301F-11D3-BF4B-00C04F79EFBC}") = "ProductDomainRouting", "Webs\ProductDomainRouting\ProductDomainRouting.csproj", "{7258DC5B-1874-4E70-80E3-C77C6EF6AF73}"
EndProject
Project("{FAE04EC0-301F-11D3-BF4B-00C04F79EFBC}") = "TrimFuel.Web.Screenshots", "TrimFuel.Web.Screenshots\TrimFuel.Web.Screenshots.csproj", "{B9F51850-824A-4E92-B602-F40AC9006AA7}"
EndProject
Project("{FAE04EC0-301F-11D3-BF4B-00C04F79EFBC}") = "BeautyTruth.Store1", "Webs\BeautyTruth.Store1\BeautyTruth.Store1.csproj", "{5AC4DD1A-0F1E-48F0-A7AE-993388741FF0}"
EndProject
Project("{FAE04EC0-301F-11D3-BF4B-00C04F79EFBC}") = "Check_Shippments", "Jobs\Scripts\Check_Shippments\Check_Shippments.csproj", "{6C893E40-56ED-4516-8D18-041BF6663CE5}"
EndProject
Project("{FAE04EC0-301F-11D3-BF4B-00C04F79EFBC}") = "GenerateDAO", "Tools\GenerateDAO\GenerateDAO.csproj", "{A05FDBB4-1F1D-4D35-B35B-E10CB9CE0029}"
EndProject
Project("{FAE04EC0-301F-11D3-BF4B-00C04F79EFBC}") = "AragonWhiteLabels", "Jobs\AragonWhiteLabels\AragonWhiteLabels.csproj", "{8D5C57C7-BDDD-4502-AC7E-7844FCA56DA3}"
EndProject
Project("{FAE04EC0-301F-11D3-BF4B-00C04F79EFBC}") = "BillingAPIDirectSoapRequest", "Tools\BillingAPIDirectSoapRequest\BillingAPIDirectSoapRequest.csproj", "{B2AB0577-6BF5-48FD-BBA9-69E106033B43}"
EndProject
Project("{FAE04EC0-301F-11D3-BF4B-00C04F79EFBC}") = "STO_ReAttemptBillingAPIRequests", "Jobs\Scripts\STO_ReAttemptBillingAPIRequests\STO_ReAttemptBillingAPIRequests.csproj", "{6CD95B4F-90DE-42EB-B856-AFC3BFDA52A1}"
EndProject
Project("{FAE04EC0-301F-11D3-BF4B-00C04F79EFBC}") = "SelectDB", "Tools\SelectDB\SelectDB.csproj", "{178D2164-5CFC-48EC-AC0F-095D785A3B27}"
EndProject
Project("{FAE04EC0-301F-11D3-BF4B-00C04F79EFBC}") = "BillingAPIDirectPOSTRequest", "Tools\BillingAPIDirectPOSTRequest\BillingAPIDirectPOSTRequest.csproj", "{9E0EBB16-5DB1-4299-8154-95BDF111F594}"
EndProject
Project("{FAE04EC0-301F-11D3-BF4B-00C04F79EFBC}") = "BlokedEmailDomainListImport", "Jobs\Scripts\BlokedEmailDomainListImport\BlokedEmailDomainListImport.csproj", "{760EB3CB-D4C3-4085-AC93-2B6DF254D78C}"
EndProject
Project("{FAE04EC0-301F-11D3-BF4B-00C04F79EFBC}") = "NS_CreateNotExistingSubscriptions", "Jobs\Scripts\NS_CreateNotExistingSubscriptions\NS_CreateNotExistingSubscriptions.csproj", "{97C91B62-E4ED-4C85-863A-D5F15B68B213}"
EndProject
Project("{FAE04EC0-301F-11D3-BF4B-00C04F79EFBC}") = "NS_MoveSalesAndSubscriptions", "Jobs\Scripts\NS_MoveSalesAndSubscriptions\NS_MoveSalesAndSubscriptions.csproj", "{5C260878-6F6C-4F4F-97B6-28FD8C483857}"
EndProject
Project("{FAE04EC0-301F-11D3-BF4B-00C04F79EFBC}") = "UpdateAggregateTables", "Jobs\UpdateAggregateTables\UpdateAggregateTables.csproj", "{1D904809-9D16-48FF-95DB-E82ADFDD7D61}"
EndProject
Project("{FAE04EC0-301F-11D3-BF4B-00C04F79EFBC}") = "PackingManager", "Tools\PackingManager\PackingManager.csproj", "{DAB6FC03-33E2-4949-841A-0AC50F80FA6F}"
EndProject
Project("{FAE04EC0-301F-11D3-BF4B-00C04F79EFBC}") = "SendLeadToRevGuard", "Jobs\Scripts\SendLeadToRevGuard\SendLeadToRevGuard.csproj", "{4C7E9BF1-B1B4-486F-BFCC-59638185B3ED}"
EndProject
Project("{FAE04EC0-301F-11D3-BF4B-00C04F79EFBC}") = "GetShippments", "Jobs\Scripts\GetShippments\GetShippments.csproj", "{20F25840-EE97-4B70-B65A-D88919C83360}"
EndProject
Project("{FAE04EC0-301F-11D3-BF4B-00C04F79EFBC}") = "TrimFuel.Web.Tracking", "Webs\TrimFuel.Web.Tracking\TrimFuel.Web.Tracking.csproj", "{988F0DE2-6514-434C-9840-5E3E468C348B}"
EndProject
Global
	GlobalSection(SolutionConfigurationPlatforms) = preSolution
		Debug|Any CPU = Debug|Any CPU
		Debug|Mixed Platforms = Debug|Mixed Platforms
		Debug|x86 = Debug|x86
		Release|Any CPU = Release|Any CPU
		Release|Mixed Platforms = Release|Mixed Platforms
		Release|x86 = Release|x86
	EndGlobalSection
	GlobalSection(ProjectConfigurationPlatforms) = postSolution
		{4ACFDE23-A749-4967-9E9A-AA08AFADE555}.Debug|Any CPU.ActiveCfg = Debug|Any CPU
		{4ACFDE23-A749-4967-9E9A-AA08AFADE555}.Debug|Any CPU.Build.0 = Debug|Any CPU
		{4ACFDE23-A749-4967-9E9A-AA08AFADE555}.Debug|Mixed Platforms.ActiveCfg = Debug|Any CPU
		{4ACFDE23-A749-4967-9E9A-AA08AFADE555}.Debug|Mixed Platforms.Build.0 = Debug|Any CPU
		{4ACFDE23-A749-4967-9E9A-AA08AFADE555}.Debug|x86.ActiveCfg = Debug|Any CPU
		{4ACFDE23-A749-4967-9E9A-AA08AFADE555}.Release|Any CPU.ActiveCfg = Release|Any CPU
		{4ACFDE23-A749-4967-9E9A-AA08AFADE555}.Release|Any CPU.Build.0 = Release|Any CPU
		{4ACFDE23-A749-4967-9E9A-AA08AFADE555}.Release|Mixed Platforms.ActiveCfg = Release|Any CPU
		{4ACFDE23-A749-4967-9E9A-AA08AFADE555}.Release|Mixed Platforms.Build.0 = Release|Any CPU
		{4ACFDE23-A749-4967-9E9A-AA08AFADE555}.Release|x86.ActiveCfg = Release|Any CPU
		{C5815D73-3CA3-4888-9E55-331A527B3DD6}.Debug|Any CPU.ActiveCfg = Debug|Any CPU
		{C5815D73-3CA3-4888-9E55-331A527B3DD6}.Debug|Any CPU.Build.0 = Debug|Any CPU
		{C5815D73-3CA3-4888-9E55-331A527B3DD6}.Debug|Mixed Platforms.ActiveCfg = Debug|Any CPU
		{C5815D73-3CA3-4888-9E55-331A527B3DD6}.Debug|Mixed Platforms.Build.0 = Debug|Any CPU
		{C5815D73-3CA3-4888-9E55-331A527B3DD6}.Debug|x86.ActiveCfg = Debug|Any CPU
		{C5815D73-3CA3-4888-9E55-331A527B3DD6}.Release|Any CPU.ActiveCfg = Release|Any CPU
		{C5815D73-3CA3-4888-9E55-331A527B3DD6}.Release|Any CPU.Build.0 = Release|Any CPU
		{C5815D73-3CA3-4888-9E55-331A527B3DD6}.Release|Mixed Platforms.ActiveCfg = Release|Any CPU
		{C5815D73-3CA3-4888-9E55-331A527B3DD6}.Release|Mixed Platforms.Build.0 = Release|Any CPU
		{C5815D73-3CA3-4888-9E55-331A527B3DD6}.Release|x86.ActiveCfg = Release|Any CPU
		{E7CB8DA4-CFD8-4156-AD18-9AF80C331D94}.Debug|Any CPU.ActiveCfg = Debug|Any CPU
		{E7CB8DA4-CFD8-4156-AD18-9AF80C331D94}.Debug|Any CPU.Build.0 = Debug|Any CPU
		{E7CB8DA4-CFD8-4156-AD18-9AF80C331D94}.Debug|Mixed Platforms.ActiveCfg = Debug|Any CPU
		{E7CB8DA4-CFD8-4156-AD18-9AF80C331D94}.Debug|Mixed Platforms.Build.0 = Debug|Any CPU
		{E7CB8DA4-CFD8-4156-AD18-9AF80C331D94}.Debug|x86.ActiveCfg = Debug|Any CPU
		{E7CB8DA4-CFD8-4156-AD18-9AF80C331D94}.Release|Any CPU.ActiveCfg = Release|Any CPU
		{E7CB8DA4-CFD8-4156-AD18-9AF80C331D94}.Release|Any CPU.Build.0 = Release|Any CPU
		{E7CB8DA4-CFD8-4156-AD18-9AF80C331D94}.Release|Mixed Platforms.ActiveCfg = Release|Any CPU
		{E7CB8DA4-CFD8-4156-AD18-9AF80C331D94}.Release|Mixed Platforms.Build.0 = Release|Any CPU
		{E7CB8DA4-CFD8-4156-AD18-9AF80C331D94}.Release|x86.ActiveCfg = Release|Any CPU
		{430A6A72-F18E-4CED-AF17-159764333772}.Debug|Any CPU.ActiveCfg = Debug|Any CPU
		{430A6A72-F18E-4CED-AF17-159764333772}.Debug|Any CPU.Build.0 = Debug|Any CPU
		{430A6A72-F18E-4CED-AF17-159764333772}.Debug|Mixed Platforms.ActiveCfg = Debug|Any CPU
		{430A6A72-F18E-4CED-AF17-159764333772}.Debug|Mixed Platforms.Build.0 = Debug|Any CPU
		{430A6A72-F18E-4CED-AF17-159764333772}.Debug|x86.ActiveCfg = Debug|Any CPU
		{430A6A72-F18E-4CED-AF17-159764333772}.Release|Any CPU.ActiveCfg = Release|Any CPU
		{430A6A72-F18E-4CED-AF17-159764333772}.Release|Any CPU.Build.0 = Release|Any CPU
		{430A6A72-F18E-4CED-AF17-159764333772}.Release|Mixed Platforms.ActiveCfg = Release|Any CPU
		{430A6A72-F18E-4CED-AF17-159764333772}.Release|Mixed Platforms.Build.0 = Release|Any CPU
		{430A6A72-F18E-4CED-AF17-159764333772}.Release|x86.ActiveCfg = Release|Any CPU
		{E28743F3-A529-4782-B51B-8EFC0415DDE0}.Debug|Any CPU.ActiveCfg = Debug|Any CPU
		{E28743F3-A529-4782-B51B-8EFC0415DDE0}.Debug|Any CPU.Build.0 = Debug|Any CPU
		{E28743F3-A529-4782-B51B-8EFC0415DDE0}.Debug|Mixed Platforms.ActiveCfg = Debug|Any CPU
		{E28743F3-A529-4782-B51B-8EFC0415DDE0}.Debug|Mixed Platforms.Build.0 = Debug|Any CPU
		{E28743F3-A529-4782-B51B-8EFC0415DDE0}.Debug|x86.ActiveCfg = Debug|Any CPU
		{E28743F3-A529-4782-B51B-8EFC0415DDE0}.Release|Any CPU.ActiveCfg = Release|Any CPU
		{E28743F3-A529-4782-B51B-8EFC0415DDE0}.Release|Any CPU.Build.0 = Release|Any CPU
		{E28743F3-A529-4782-B51B-8EFC0415DDE0}.Release|Mixed Platforms.ActiveCfg = Release|Any CPU
		{E28743F3-A529-4782-B51B-8EFC0415DDE0}.Release|Mixed Platforms.Build.0 = Release|Any CPU
		{E28743F3-A529-4782-B51B-8EFC0415DDE0}.Release|x86.ActiveCfg = Release|Any CPU
		{F7A7A1D6-C9A2-4A4C-A09E-E12474355486}.Debug|Any CPU.ActiveCfg = Debug|Any CPU
		{F7A7A1D6-C9A2-4A4C-A09E-E12474355486}.Debug|Any CPU.Build.0 = Debug|Any CPU
		{F7A7A1D6-C9A2-4A4C-A09E-E12474355486}.Debug|Mixed Platforms.ActiveCfg = Debug|Any CPU
		{F7A7A1D6-C9A2-4A4C-A09E-E12474355486}.Debug|Mixed Platforms.Build.0 = Debug|Any CPU
		{F7A7A1D6-C9A2-4A4C-A09E-E12474355486}.Debug|x86.ActiveCfg = Debug|Any CPU
		{F7A7A1D6-C9A2-4A4C-A09E-E12474355486}.Release|Any CPU.ActiveCfg = Release|Any CPU
		{F7A7A1D6-C9A2-4A4C-A09E-E12474355486}.Release|Any CPU.Build.0 = Release|Any CPU
		{F7A7A1D6-C9A2-4A4C-A09E-E12474355486}.Release|Mixed Platforms.ActiveCfg = Release|Any CPU
		{F7A7A1D6-C9A2-4A4C-A09E-E12474355486}.Release|Mixed Platforms.Build.0 = Release|Any CPU
		{F7A7A1D6-C9A2-4A4C-A09E-E12474355486}.Release|x86.ActiveCfg = Release|Any CPU
		{58D3EC28-8FB3-4FBB-A1C2-04A132DD843C}.Debug|Any CPU.ActiveCfg = Debug|Any CPU
		{58D3EC28-8FB3-4FBB-A1C2-04A132DD843C}.Debug|Any CPU.Build.0 = Debug|Any CPU
		{58D3EC28-8FB3-4FBB-A1C2-04A132DD843C}.Debug|Mixed Platforms.ActiveCfg = Debug|Any CPU
		{58D3EC28-8FB3-4FBB-A1C2-04A132DD843C}.Debug|Mixed Platforms.Build.0 = Debug|Any CPU
		{58D3EC28-8FB3-4FBB-A1C2-04A132DD843C}.Debug|x86.ActiveCfg = Debug|Any CPU
		{58D3EC28-8FB3-4FBB-A1C2-04A132DD843C}.Release|Any CPU.ActiveCfg = Release|Any CPU
		{58D3EC28-8FB3-4FBB-A1C2-04A132DD843C}.Release|Any CPU.Build.0 = Release|Any CPU
		{58D3EC28-8FB3-4FBB-A1C2-04A132DD843C}.Release|Mixed Platforms.ActiveCfg = Release|Any CPU
		{58D3EC28-8FB3-4FBB-A1C2-04A132DD843C}.Release|Mixed Platforms.Build.0 = Release|Any CPU
		{58D3EC28-8FB3-4FBB-A1C2-04A132DD843C}.Release|x86.ActiveCfg = Release|Any CPU
		{76908B50-22D9-4047-A657-F4ED63478C8F}.Debug|Any CPU.ActiveCfg = Debug|Any CPU
		{76908B50-22D9-4047-A657-F4ED63478C8F}.Debug|Any CPU.Build.0 = Debug|Any CPU
		{76908B50-22D9-4047-A657-F4ED63478C8F}.Debug|Mixed Platforms.ActiveCfg = Debug|Any CPU
		{76908B50-22D9-4047-A657-F4ED63478C8F}.Debug|Mixed Platforms.Build.0 = Debug|Any CPU
		{76908B50-22D9-4047-A657-F4ED63478C8F}.Debug|x86.ActiveCfg = Debug|Any CPU
		{76908B50-22D9-4047-A657-F4ED63478C8F}.Release|Any CPU.ActiveCfg = Release|Any CPU
		{76908B50-22D9-4047-A657-F4ED63478C8F}.Release|Any CPU.Build.0 = Release|Any CPU
		{76908B50-22D9-4047-A657-F4ED63478C8F}.Release|Mixed Platforms.ActiveCfg = Release|Any CPU
		{76908B50-22D9-4047-A657-F4ED63478C8F}.Release|Mixed Platforms.Build.0 = Release|Any CPU
		{76908B50-22D9-4047-A657-F4ED63478C8F}.Release|x86.ActiveCfg = Release|Any CPU
		{36A7422A-409A-4E03-BC62-D6296464136D}.Debug|Any CPU.ActiveCfg = Debug|Any CPU
		{36A7422A-409A-4E03-BC62-D6296464136D}.Debug|Any CPU.Build.0 = Debug|Any CPU
		{36A7422A-409A-4E03-BC62-D6296464136D}.Debug|Mixed Platforms.ActiveCfg = Debug|Any CPU
		{36A7422A-409A-4E03-BC62-D6296464136D}.Debug|Mixed Platforms.Build.0 = Debug|Any CPU
		{36A7422A-409A-4E03-BC62-D6296464136D}.Debug|x86.ActiveCfg = Debug|Any CPU
		{36A7422A-409A-4E03-BC62-D6296464136D}.Release|Any CPU.ActiveCfg = Release|Any CPU
		{36A7422A-409A-4E03-BC62-D6296464136D}.Release|Any CPU.Build.0 = Release|Any CPU
		{36A7422A-409A-4E03-BC62-D6296464136D}.Release|Mixed Platforms.ActiveCfg = Release|Any CPU
		{36A7422A-409A-4E03-BC62-D6296464136D}.Release|Mixed Platforms.Build.0 = Release|Any CPU
		{36A7422A-409A-4E03-BC62-D6296464136D}.Release|x86.ActiveCfg = Release|Any CPU
		{FF8E19E2-1A33-453B-80DD-0E80F40C0461}.Debug|Any CPU.ActiveCfg = Debug|Any CPU
		{FF8E19E2-1A33-453B-80DD-0E80F40C0461}.Debug|Any CPU.Build.0 = Debug|Any CPU
		{FF8E19E2-1A33-453B-80DD-0E80F40C0461}.Debug|Mixed Platforms.ActiveCfg = Debug|Any CPU
		{FF8E19E2-1A33-453B-80DD-0E80F40C0461}.Debug|Mixed Platforms.Build.0 = Debug|Any CPU
		{FF8E19E2-1A33-453B-80DD-0E80F40C0461}.Debug|x86.ActiveCfg = Debug|Any CPU
		{FF8E19E2-1A33-453B-80DD-0E80F40C0461}.Release|Any CPU.ActiveCfg = Release|Any CPU
		{FF8E19E2-1A33-453B-80DD-0E80F40C0461}.Release|Any CPU.Build.0 = Release|Any CPU
		{FF8E19E2-1A33-453B-80DD-0E80F40C0461}.Release|Mixed Platforms.ActiveCfg = Release|Any CPU
		{FF8E19E2-1A33-453B-80DD-0E80F40C0461}.Release|Mixed Platforms.Build.0 = Release|Any CPU
		{FF8E19E2-1A33-453B-80DD-0E80F40C0461}.Release|x86.ActiveCfg = Release|Any CPU
		{97BDE38F-4E22-4451-9275-34FFC85FCA0A}.Debug|Any CPU.ActiveCfg = Debug|Any CPU
		{97BDE38F-4E22-4451-9275-34FFC85FCA0A}.Debug|Any CPU.Build.0 = Debug|Any CPU
		{97BDE38F-4E22-4451-9275-34FFC85FCA0A}.Debug|Mixed Platforms.ActiveCfg = Debug|Any CPU
		{97BDE38F-4E22-4451-9275-34FFC85FCA0A}.Debug|Mixed Platforms.Build.0 = Debug|Any CPU
		{97BDE38F-4E22-4451-9275-34FFC85FCA0A}.Debug|x86.ActiveCfg = Debug|Any CPU
		{97BDE38F-4E22-4451-9275-34FFC85FCA0A}.Release|Any CPU.ActiveCfg = Release|Any CPU
		{97BDE38F-4E22-4451-9275-34FFC85FCA0A}.Release|Any CPU.Build.0 = Release|Any CPU
		{97BDE38F-4E22-4451-9275-34FFC85FCA0A}.Release|Mixed Platforms.ActiveCfg = Release|Any CPU
		{97BDE38F-4E22-4451-9275-34FFC85FCA0A}.Release|Mixed Platforms.Build.0 = Release|Any CPU
		{97BDE38F-4E22-4451-9275-34FFC85FCA0A}.Release|x86.ActiveCfg = Release|Any CPU
		{0C2F2C00-C401-4AD1-9F24-BFB80C91F516}.Debug|Any CPU.ActiveCfg = Debug|Any CPU
		{0C2F2C00-C401-4AD1-9F24-BFB80C91F516}.Debug|Any CPU.Build.0 = Debug|Any CPU
		{0C2F2C00-C401-4AD1-9F24-BFB80C91F516}.Debug|Mixed Platforms.ActiveCfg = Debug|Any CPU
		{0C2F2C00-C401-4AD1-9F24-BFB80C91F516}.Debug|Mixed Platforms.Build.0 = Debug|Any CPU
		{0C2F2C00-C401-4AD1-9F24-BFB80C91F516}.Debug|x86.ActiveCfg = Debug|Any CPU
		{0C2F2C00-C401-4AD1-9F24-BFB80C91F516}.Release|Any CPU.ActiveCfg = Release|Any CPU
		{0C2F2C00-C401-4AD1-9F24-BFB80C91F516}.Release|Any CPU.Build.0 = Release|Any CPU
		{0C2F2C00-C401-4AD1-9F24-BFB80C91F516}.Release|Mixed Platforms.ActiveCfg = Release|Any CPU
		{0C2F2C00-C401-4AD1-9F24-BFB80C91F516}.Release|Mixed Platforms.Build.0 = Release|Any CPU
		{0C2F2C00-C401-4AD1-9F24-BFB80C91F516}.Release|x86.ActiveCfg = Release|Any CPU
		{326A9544-9CFB-4A4E-966B-7D122DDC0738}.Debug|Any CPU.ActiveCfg = Debug|Any CPU
		{326A9544-9CFB-4A4E-966B-7D122DDC0738}.Debug|Any CPU.Build.0 = Debug|Any CPU
		{326A9544-9CFB-4A4E-966B-7D122DDC0738}.Debug|Mixed Platforms.ActiveCfg = Debug|Any CPU
		{326A9544-9CFB-4A4E-966B-7D122DDC0738}.Debug|Mixed Platforms.Build.0 = Debug|Any CPU
		{326A9544-9CFB-4A4E-966B-7D122DDC0738}.Debug|x86.ActiveCfg = Debug|Any CPU
		{326A9544-9CFB-4A4E-966B-7D122DDC0738}.Release|Any CPU.ActiveCfg = Release|Any CPU
		{326A9544-9CFB-4A4E-966B-7D122DDC0738}.Release|Any CPU.Build.0 = Release|Any CPU
		{326A9544-9CFB-4A4E-966B-7D122DDC0738}.Release|Mixed Platforms.ActiveCfg = Release|Any CPU
		{326A9544-9CFB-4A4E-966B-7D122DDC0738}.Release|Mixed Platforms.Build.0 = Release|Any CPU
		{326A9544-9CFB-4A4E-966B-7D122DDC0738}.Release|x86.ActiveCfg = Release|Any CPU
		{569D5CA3-E894-403B-9406-F96ED5CA5A95}.Debug|Any CPU.ActiveCfg = Debug|Any CPU
		{569D5CA3-E894-403B-9406-F96ED5CA5A95}.Debug|Any CPU.Build.0 = Debug|Any CPU
		{569D5CA3-E894-403B-9406-F96ED5CA5A95}.Debug|Mixed Platforms.ActiveCfg = Debug|Any CPU
		{569D5CA3-E894-403B-9406-F96ED5CA5A95}.Debug|Mixed Platforms.Build.0 = Debug|Any CPU
		{569D5CA3-E894-403B-9406-F96ED5CA5A95}.Debug|x86.ActiveCfg = Debug|Any CPU
		{569D5CA3-E894-403B-9406-F96ED5CA5A95}.Release|Any CPU.ActiveCfg = Release|Any CPU
		{569D5CA3-E894-403B-9406-F96ED5CA5A95}.Release|Any CPU.Build.0 = Release|Any CPU
		{569D5CA3-E894-403B-9406-F96ED5CA5A95}.Release|Mixed Platforms.ActiveCfg = Release|Any CPU
		{569D5CA3-E894-403B-9406-F96ED5CA5A95}.Release|Mixed Platforms.Build.0 = Release|Any CPU
		{569D5CA3-E894-403B-9406-F96ED5CA5A95}.Release|x86.ActiveCfg = Release|Any CPU
		{B75FEA5B-5997-41B8-B8FA-ABB8FD35460E}.Debug|Any CPU.ActiveCfg = Debug|Any CPU
		{B75FEA5B-5997-41B8-B8FA-ABB8FD35460E}.Debug|Any CPU.Build.0 = Debug|Any CPU
		{B75FEA5B-5997-41B8-B8FA-ABB8FD35460E}.Debug|Mixed Platforms.ActiveCfg = Debug|Any CPU
		{B75FEA5B-5997-41B8-B8FA-ABB8FD35460E}.Debug|Mixed Platforms.Build.0 = Debug|Any CPU
		{B75FEA5B-5997-41B8-B8FA-ABB8FD35460E}.Debug|x86.ActiveCfg = Debug|Any CPU
		{B75FEA5B-5997-41B8-B8FA-ABB8FD35460E}.Release|Any CPU.ActiveCfg = Release|Any CPU
		{B75FEA5B-5997-41B8-B8FA-ABB8FD35460E}.Release|Any CPU.Build.0 = Release|Any CPU
		{B75FEA5B-5997-41B8-B8FA-ABB8FD35460E}.Release|Mixed Platforms.ActiveCfg = Release|Any CPU
		{B75FEA5B-5997-41B8-B8FA-ABB8FD35460E}.Release|Mixed Platforms.Build.0 = Release|Any CPU
		{B75FEA5B-5997-41B8-B8FA-ABB8FD35460E}.Release|x86.ActiveCfg = Release|Any CPU
		{E90FD0B2-8D8A-4290-878F-F1612017BB07}.Debug|Any CPU.ActiveCfg = Debug|Any CPU
		{E90FD0B2-8D8A-4290-878F-F1612017BB07}.Debug|Any CPU.Build.0 = Debug|Any CPU
		{E90FD0B2-8D8A-4290-878F-F1612017BB07}.Debug|Mixed Platforms.ActiveCfg = Debug|Any CPU
		{E90FD0B2-8D8A-4290-878F-F1612017BB07}.Debug|Mixed Platforms.Build.0 = Debug|Any CPU
		{E90FD0B2-8D8A-4290-878F-F1612017BB07}.Debug|x86.ActiveCfg = Debug|Any CPU
		{E90FD0B2-8D8A-4290-878F-F1612017BB07}.Release|Any CPU.ActiveCfg = Release|Any CPU
		{E90FD0B2-8D8A-4290-878F-F1612017BB07}.Release|Any CPU.Build.0 = Release|Any CPU
		{E90FD0B2-8D8A-4290-878F-F1612017BB07}.Release|Mixed Platforms.ActiveCfg = Release|Any CPU
		{E90FD0B2-8D8A-4290-878F-F1612017BB07}.Release|Mixed Platforms.Build.0 = Release|Any CPU
		{E90FD0B2-8D8A-4290-878F-F1612017BB07}.Release|x86.ActiveCfg = Release|Any CPU
		{9C19C79A-B56C-49FB-877B-AA29412C207F}.Debug|Any CPU.ActiveCfg = Debug|Any CPU
		{9C19C79A-B56C-49FB-877B-AA29412C207F}.Debug|Any CPU.Build.0 = Debug|Any CPU
		{9C19C79A-B56C-49FB-877B-AA29412C207F}.Debug|Mixed Platforms.ActiveCfg = Debug|Any CPU
		{9C19C79A-B56C-49FB-877B-AA29412C207F}.Debug|Mixed Platforms.Build.0 = Debug|Any CPU
		{9C19C79A-B56C-49FB-877B-AA29412C207F}.Debug|x86.ActiveCfg = Debug|Any CPU
		{9C19C79A-B56C-49FB-877B-AA29412C207F}.Release|Any CPU.ActiveCfg = Release|Any CPU
		{9C19C79A-B56C-49FB-877B-AA29412C207F}.Release|Any CPU.Build.0 = Release|Any CPU
		{9C19C79A-B56C-49FB-877B-AA29412C207F}.Release|Mixed Platforms.ActiveCfg = Release|Any CPU
		{9C19C79A-B56C-49FB-877B-AA29412C207F}.Release|Mixed Platforms.Build.0 = Release|Any CPU
		{9C19C79A-B56C-49FB-877B-AA29412C207F}.Release|x86.ActiveCfg = Release|Any CPU
		{3C2BAF32-F4E1-4D8C-B06E-F1FB76E7629D}.Debug|Any CPU.ActiveCfg = Debug|Any CPU
		{3C2BAF32-F4E1-4D8C-B06E-F1FB76E7629D}.Debug|Any CPU.Build.0 = Debug|Any CPU
		{3C2BAF32-F4E1-4D8C-B06E-F1FB76E7629D}.Debug|Mixed Platforms.ActiveCfg = Debug|Any CPU
		{3C2BAF32-F4E1-4D8C-B06E-F1FB76E7629D}.Debug|Mixed Platforms.Build.0 = Debug|Any CPU
		{3C2BAF32-F4E1-4D8C-B06E-F1FB76E7629D}.Debug|x86.ActiveCfg = Debug|Any CPU
		{3C2BAF32-F4E1-4D8C-B06E-F1FB76E7629D}.Release|Any CPU.ActiveCfg = Release|Any CPU
		{3C2BAF32-F4E1-4D8C-B06E-F1FB76E7629D}.Release|Any CPU.Build.0 = Release|Any CPU
		{3C2BAF32-F4E1-4D8C-B06E-F1FB76E7629D}.Release|Mixed Platforms.ActiveCfg = Release|Any CPU
		{3C2BAF32-F4E1-4D8C-B06E-F1FB76E7629D}.Release|Mixed Platforms.Build.0 = Release|Any CPU
		{3C2BAF32-F4E1-4D8C-B06E-F1FB76E7629D}.Release|x86.ActiveCfg = Release|Any CPU
		{49BF471C-D2FC-400D-B44D-883DEC2A8B50}.Debug|Any CPU.ActiveCfg = Debug|Any CPU
		{49BF471C-D2FC-400D-B44D-883DEC2A8B50}.Debug|Any CPU.Build.0 = Debug|Any CPU
		{49BF471C-D2FC-400D-B44D-883DEC2A8B50}.Debug|Mixed Platforms.ActiveCfg = Debug|Any CPU
		{49BF471C-D2FC-400D-B44D-883DEC2A8B50}.Debug|Mixed Platforms.Build.0 = Debug|Any CPU
		{49BF471C-D2FC-400D-B44D-883DEC2A8B50}.Debug|x86.ActiveCfg = Debug|Any CPU
		{49BF471C-D2FC-400D-B44D-883DEC2A8B50}.Release|Any CPU.ActiveCfg = Release|Any CPU
		{49BF471C-D2FC-400D-B44D-883DEC2A8B50}.Release|Any CPU.Build.0 = Release|Any CPU
		{49BF471C-D2FC-400D-B44D-883DEC2A8B50}.Release|Mixed Platforms.ActiveCfg = Release|Any CPU
		{49BF471C-D2FC-400D-B44D-883DEC2A8B50}.Release|Mixed Platforms.Build.0 = Release|Any CPU
		{49BF471C-D2FC-400D-B44D-883DEC2A8B50}.Release|x86.ActiveCfg = Release|Any CPU
		{B25C250F-2FFC-4BD8-B574-C4854A3FB4E5}.Debug|Any CPU.ActiveCfg = Debug|Any CPU
		{B25C250F-2FFC-4BD8-B574-C4854A3FB4E5}.Debug|Any CPU.Build.0 = Debug|Any CPU
		{B25C250F-2FFC-4BD8-B574-C4854A3FB4E5}.Debug|Mixed Platforms.ActiveCfg = Debug|Any CPU
		{B25C250F-2FFC-4BD8-B574-C4854A3FB4E5}.Debug|Mixed Platforms.Build.0 = Debug|Any CPU
		{B25C250F-2FFC-4BD8-B574-C4854A3FB4E5}.Debug|x86.ActiveCfg = Debug|Any CPU
		{B25C250F-2FFC-4BD8-B574-C4854A3FB4E5}.Release|Any CPU.ActiveCfg = Release|Any CPU
		{B25C250F-2FFC-4BD8-B574-C4854A3FB4E5}.Release|Any CPU.Build.0 = Release|Any CPU
		{B25C250F-2FFC-4BD8-B574-C4854A3FB4E5}.Release|Mixed Platforms.ActiveCfg = Release|Any CPU
		{B25C250F-2FFC-4BD8-B574-C4854A3FB4E5}.Release|Mixed Platforms.Build.0 = Release|Any CPU
		{B25C250F-2FFC-4BD8-B574-C4854A3FB4E5}.Release|x86.ActiveCfg = Release|Any CPU
		{A372D709-5DA9-4635-8DD4-14FC8E99AA8C}.Debug|Any CPU.ActiveCfg = Debug|Any CPU
		{A372D709-5DA9-4635-8DD4-14FC8E99AA8C}.Debug|Any CPU.Build.0 = Debug|Any CPU
		{A372D709-5DA9-4635-8DD4-14FC8E99AA8C}.Debug|Mixed Platforms.ActiveCfg = Debug|Any CPU
		{A372D709-5DA9-4635-8DD4-14FC8E99AA8C}.Debug|Mixed Platforms.Build.0 = Debug|Any CPU
		{A372D709-5DA9-4635-8DD4-14FC8E99AA8C}.Debug|x86.ActiveCfg = Debug|Any CPU
		{A372D709-5DA9-4635-8DD4-14FC8E99AA8C}.Release|Any CPU.ActiveCfg = Release|Any CPU
		{A372D709-5DA9-4635-8DD4-14FC8E99AA8C}.Release|Any CPU.Build.0 = Release|Any CPU
		{A372D709-5DA9-4635-8DD4-14FC8E99AA8C}.Release|Mixed Platforms.ActiveCfg = Release|Any CPU
		{A372D709-5DA9-4635-8DD4-14FC8E99AA8C}.Release|Mixed Platforms.Build.0 = Release|Any CPU
		{A372D709-5DA9-4635-8DD4-14FC8E99AA8C}.Release|x86.ActiveCfg = Release|Any CPU
		{A0CF6920-E0BE-4576-A580-E333C1095DEB}.Debug|Any CPU.ActiveCfg = Debug|Any CPU
		{A0CF6920-E0BE-4576-A580-E333C1095DEB}.Debug|Any CPU.Build.0 = Debug|Any CPU
		{A0CF6920-E0BE-4576-A580-E333C1095DEB}.Debug|Mixed Platforms.ActiveCfg = Debug|Any CPU
		{A0CF6920-E0BE-4576-A580-E333C1095DEB}.Debug|Mixed Platforms.Build.0 = Debug|Any CPU
		{A0CF6920-E0BE-4576-A580-E333C1095DEB}.Debug|x86.ActiveCfg = Debug|Any CPU
		{A0CF6920-E0BE-4576-A580-E333C1095DEB}.Release|Any CPU.ActiveCfg = Release|Any CPU
		{A0CF6920-E0BE-4576-A580-E333C1095DEB}.Release|Any CPU.Build.0 = Release|Any CPU
		{A0CF6920-E0BE-4576-A580-E333C1095DEB}.Release|Mixed Platforms.ActiveCfg = Release|Any CPU
		{A0CF6920-E0BE-4576-A580-E333C1095DEB}.Release|Mixed Platforms.Build.0 = Release|Any CPU
		{A0CF6920-E0BE-4576-A580-E333C1095DEB}.Release|x86.ActiveCfg = Release|Any CPU
		{1451D0FC-4788-443C-B00E-E9F33CEB908D}.Debug|Any CPU.ActiveCfg = Debug|Any CPU
		{1451D0FC-4788-443C-B00E-E9F33CEB908D}.Debug|Any CPU.Build.0 = Debug|Any CPU
		{1451D0FC-4788-443C-B00E-E9F33CEB908D}.Debug|Mixed Platforms.ActiveCfg = Debug|Any CPU
		{1451D0FC-4788-443C-B00E-E9F33CEB908D}.Debug|Mixed Platforms.Build.0 = Debug|Any CPU
		{1451D0FC-4788-443C-B00E-E9F33CEB908D}.Debug|x86.ActiveCfg = Debug|Any CPU
		{1451D0FC-4788-443C-B00E-E9F33CEB908D}.Release|Any CPU.ActiveCfg = Release|Any CPU
		{1451D0FC-4788-443C-B00E-E9F33CEB908D}.Release|Any CPU.Build.0 = Release|Any CPU
		{1451D0FC-4788-443C-B00E-E9F33CEB908D}.Release|Mixed Platforms.ActiveCfg = Release|Any CPU
		{1451D0FC-4788-443C-B00E-E9F33CEB908D}.Release|Mixed Platforms.Build.0 = Release|Any CPU
		{1451D0FC-4788-443C-B00E-E9F33CEB908D}.Release|x86.ActiveCfg = Release|Any CPU
		{28EAC108-766A-4FB3-9FE3-F489A6550BB9}.Debug|Any CPU.ActiveCfg = Debug|Any CPU
		{28EAC108-766A-4FB3-9FE3-F489A6550BB9}.Debug|Any CPU.Build.0 = Debug|Any CPU
		{28EAC108-766A-4FB3-9FE3-F489A6550BB9}.Debug|Mixed Platforms.ActiveCfg = Debug|Any CPU
		{28EAC108-766A-4FB3-9FE3-F489A6550BB9}.Debug|Mixed Platforms.Build.0 = Debug|Any CPU
		{28EAC108-766A-4FB3-9FE3-F489A6550BB9}.Debug|x86.ActiveCfg = Debug|Any CPU
		{28EAC108-766A-4FB3-9FE3-F489A6550BB9}.Release|Any CPU.ActiveCfg = Release|Any CPU
		{28EAC108-766A-4FB3-9FE3-F489A6550BB9}.Release|Any CPU.Build.0 = Release|Any CPU
		{28EAC108-766A-4FB3-9FE3-F489A6550BB9}.Release|Mixed Platforms.ActiveCfg = Release|Any CPU
		{28EAC108-766A-4FB3-9FE3-F489A6550BB9}.Release|Mixed Platforms.Build.0 = Release|Any CPU
		{28EAC108-766A-4FB3-9FE3-F489A6550BB9}.Release|x86.ActiveCfg = Release|Any CPU
		{08783B4E-0F91-4923-898B-590033FF4264}.Debug|Any CPU.ActiveCfg = Debug|Any CPU
		{08783B4E-0F91-4923-898B-590033FF4264}.Debug|Any CPU.Build.0 = Debug|Any CPU
		{08783B4E-0F91-4923-898B-590033FF4264}.Debug|Mixed Platforms.ActiveCfg = Debug|Any CPU
		{08783B4E-0F91-4923-898B-590033FF4264}.Debug|Mixed Platforms.Build.0 = Debug|Any CPU
		{08783B4E-0F91-4923-898B-590033FF4264}.Debug|x86.ActiveCfg = Debug|Any CPU
		{08783B4E-0F91-4923-898B-590033FF4264}.Release|Any CPU.ActiveCfg = Release|Any CPU
		{08783B4E-0F91-4923-898B-590033FF4264}.Release|Any CPU.Build.0 = Release|Any CPU
		{08783B4E-0F91-4923-898B-590033FF4264}.Release|Mixed Platforms.ActiveCfg = Release|Any CPU
		{08783B4E-0F91-4923-898B-590033FF4264}.Release|Mixed Platforms.Build.0 = Release|Any CPU
		{08783B4E-0F91-4923-898B-590033FF4264}.Release|x86.ActiveCfg = Release|Any CPU
		{77A15828-07A9-44E9-8659-E70557D5B5FA}.Debug|Any CPU.ActiveCfg = Debug|Any CPU
		{77A15828-07A9-44E9-8659-E70557D5B5FA}.Debug|Any CPU.Build.0 = Debug|Any CPU
		{77A15828-07A9-44E9-8659-E70557D5B5FA}.Debug|Mixed Platforms.ActiveCfg = Debug|Any CPU
		{77A15828-07A9-44E9-8659-E70557D5B5FA}.Debug|Mixed Platforms.Build.0 = Debug|Any CPU
		{77A15828-07A9-44E9-8659-E70557D5B5FA}.Debug|x86.ActiveCfg = Debug|Any CPU
		{77A15828-07A9-44E9-8659-E70557D5B5FA}.Release|Any CPU.ActiveCfg = Release|Any CPU
		{77A15828-07A9-44E9-8659-E70557D5B5FA}.Release|Any CPU.Build.0 = Release|Any CPU
		{77A15828-07A9-44E9-8659-E70557D5B5FA}.Release|Mixed Platforms.ActiveCfg = Release|Any CPU
		{77A15828-07A9-44E9-8659-E70557D5B5FA}.Release|Mixed Platforms.Build.0 = Release|Any CPU
		{77A15828-07A9-44E9-8659-E70557D5B5FA}.Release|x86.ActiveCfg = Release|Any CPU
		{F83A1DAE-B0FC-4CF7-8A83-E667D650B1AD}.Debug|Any CPU.ActiveCfg = Debug|Any CPU
		{F83A1DAE-B0FC-4CF7-8A83-E667D650B1AD}.Debug|Any CPU.Build.0 = Debug|Any CPU
		{F83A1DAE-B0FC-4CF7-8A83-E667D650B1AD}.Debug|Mixed Platforms.ActiveCfg = Debug|Any CPU
		{F83A1DAE-B0FC-4CF7-8A83-E667D650B1AD}.Debug|Mixed Platforms.Build.0 = Debug|Any CPU
		{F83A1DAE-B0FC-4CF7-8A83-E667D650B1AD}.Debug|x86.ActiveCfg = Debug|Any CPU
		{F83A1DAE-B0FC-4CF7-8A83-E667D650B1AD}.Release|Any CPU.ActiveCfg = Release|Any CPU
		{F83A1DAE-B0FC-4CF7-8A83-E667D650B1AD}.Release|Any CPU.Build.0 = Release|Any CPU
		{F83A1DAE-B0FC-4CF7-8A83-E667D650B1AD}.Release|Mixed Platforms.ActiveCfg = Release|Any CPU
		{F83A1DAE-B0FC-4CF7-8A83-E667D650B1AD}.Release|Mixed Platforms.Build.0 = Release|Any CPU
		{F83A1DAE-B0FC-4CF7-8A83-E667D650B1AD}.Release|x86.ActiveCfg = Release|Any CPU
		{573DD238-B059-4487-80F2-B63E24DEE539}.Debug|Any CPU.ActiveCfg = Debug|Any CPU
		{573DD238-B059-4487-80F2-B63E24DEE539}.Debug|Any CPU.Build.0 = Debug|Any CPU
		{573DD238-B059-4487-80F2-B63E24DEE539}.Debug|Mixed Platforms.ActiveCfg = Debug|Any CPU
		{573DD238-B059-4487-80F2-B63E24DEE539}.Debug|Mixed Platforms.Build.0 = Debug|Any CPU
		{573DD238-B059-4487-80F2-B63E24DEE539}.Debug|x86.ActiveCfg = Debug|Any CPU
		{573DD238-B059-4487-80F2-B63E24DEE539}.Release|Any CPU.ActiveCfg = Release|Any CPU
		{573DD238-B059-4487-80F2-B63E24DEE539}.Release|Any CPU.Build.0 = Release|Any CPU
		{573DD238-B059-4487-80F2-B63E24DEE539}.Release|Mixed Platforms.ActiveCfg = Release|Any CPU
		{573DD238-B059-4487-80F2-B63E24DEE539}.Release|Mixed Platforms.Build.0 = Release|Any CPU
		{573DD238-B059-4487-80F2-B63E24DEE539}.Release|x86.ActiveCfg = Release|Any CPU
		{0AC3CD44-6FDD-4E0E-8B88-DA6FFA2F9343}.Debug|Any CPU.ActiveCfg = Debug|Any CPU
		{0AC3CD44-6FDD-4E0E-8B88-DA6FFA2F9343}.Debug|Any CPU.Build.0 = Debug|Any CPU
		{0AC3CD44-6FDD-4E0E-8B88-DA6FFA2F9343}.Debug|Mixed Platforms.ActiveCfg = Debug|Any CPU
		{0AC3CD44-6FDD-4E0E-8B88-DA6FFA2F9343}.Debug|Mixed Platforms.Build.0 = Debug|Any CPU
		{0AC3CD44-6FDD-4E0E-8B88-DA6FFA2F9343}.Debug|x86.ActiveCfg = Debug|Any CPU
		{0AC3CD44-6FDD-4E0E-8B88-DA6FFA2F9343}.Release|Any CPU.ActiveCfg = Release|Any CPU
		{0AC3CD44-6FDD-4E0E-8B88-DA6FFA2F9343}.Release|Any CPU.Build.0 = Release|Any CPU
		{0AC3CD44-6FDD-4E0E-8B88-DA6FFA2F9343}.Release|Mixed Platforms.ActiveCfg = Release|Any CPU
		{0AC3CD44-6FDD-4E0E-8B88-DA6FFA2F9343}.Release|Mixed Platforms.Build.0 = Release|Any CPU
		{0AC3CD44-6FDD-4E0E-8B88-DA6FFA2F9343}.Release|x86.ActiveCfg = Release|Any CPU
		{08230AB8-9FC6-4FE3-B3D2-ECE08C1BBFBA}.Debug|Any CPU.ActiveCfg = Debug|Any CPU
		{08230AB8-9FC6-4FE3-B3D2-ECE08C1BBFBA}.Debug|Any CPU.Build.0 = Debug|Any CPU
		{08230AB8-9FC6-4FE3-B3D2-ECE08C1BBFBA}.Debug|Mixed Platforms.ActiveCfg = Debug|Any CPU
		{08230AB8-9FC6-4FE3-B3D2-ECE08C1BBFBA}.Debug|Mixed Platforms.Build.0 = Debug|Any CPU
		{08230AB8-9FC6-4FE3-B3D2-ECE08C1BBFBA}.Debug|x86.ActiveCfg = Debug|Any CPU
		{08230AB8-9FC6-4FE3-B3D2-ECE08C1BBFBA}.Release|Any CPU.ActiveCfg = Release|Any CPU
		{08230AB8-9FC6-4FE3-B3D2-ECE08C1BBFBA}.Release|Any CPU.Build.0 = Release|Any CPU
		{08230AB8-9FC6-4FE3-B3D2-ECE08C1BBFBA}.Release|Mixed Platforms.ActiveCfg = Release|Any CPU
		{08230AB8-9FC6-4FE3-B3D2-ECE08C1BBFBA}.Release|Mixed Platforms.Build.0 = Release|Any CPU
		{08230AB8-9FC6-4FE3-B3D2-ECE08C1BBFBA}.Release|x86.ActiveCfg = Release|Any CPU
		{739B5F36-75E0-4CE3-9333-487022587793}.Debug|Any CPU.ActiveCfg = Debug|Any CPU
		{739B5F36-75E0-4CE3-9333-487022587793}.Debug|Any CPU.Build.0 = Debug|Any CPU
		{739B5F36-75E0-4CE3-9333-487022587793}.Debug|Mixed Platforms.ActiveCfg = Debug|Any CPU
		{739B5F36-75E0-4CE3-9333-487022587793}.Debug|Mixed Platforms.Build.0 = Debug|Any CPU
		{739B5F36-75E0-4CE3-9333-487022587793}.Debug|x86.ActiveCfg = Debug|Any CPU
		{739B5F36-75E0-4CE3-9333-487022587793}.Release|Any CPU.ActiveCfg = Release|Any CPU
		{739B5F36-75E0-4CE3-9333-487022587793}.Release|Any CPU.Build.0 = Release|Any CPU
		{739B5F36-75E0-4CE3-9333-487022587793}.Release|Mixed Platforms.ActiveCfg = Release|Any CPU
		{739B5F36-75E0-4CE3-9333-487022587793}.Release|Mixed Platforms.Build.0 = Release|Any CPU
		{739B5F36-75E0-4CE3-9333-487022587793}.Release|x86.ActiveCfg = Release|Any CPU
		{1F32523F-B6D8-4A17-A4DB-409C3047EE78}.Debug|Any CPU.ActiveCfg = Debug|Any CPU
		{1F32523F-B6D8-4A17-A4DB-409C3047EE78}.Debug|Any CPU.Build.0 = Debug|Any CPU
		{1F32523F-B6D8-4A17-A4DB-409C3047EE78}.Debug|Mixed Platforms.ActiveCfg = Debug|Any CPU
		{1F32523F-B6D8-4A17-A4DB-409C3047EE78}.Debug|Mixed Platforms.Build.0 = Debug|Any CPU
		{1F32523F-B6D8-4A17-A4DB-409C3047EE78}.Debug|x86.ActiveCfg = Debug|Any CPU
		{1F32523F-B6D8-4A17-A4DB-409C3047EE78}.Release|Any CPU.ActiveCfg = Release|Any CPU
		{1F32523F-B6D8-4A17-A4DB-409C3047EE78}.Release|Any CPU.Build.0 = Release|Any CPU
		{1F32523F-B6D8-4A17-A4DB-409C3047EE78}.Release|Mixed Platforms.ActiveCfg = Release|Any CPU
		{1F32523F-B6D8-4A17-A4DB-409C3047EE78}.Release|Mixed Platforms.Build.0 = Release|Any CPU
		{1F32523F-B6D8-4A17-A4DB-409C3047EE78}.Release|x86.ActiveCfg = Release|Any CPU
		{ED1775D7-E648-44C1-A105-388C7BF5B736}.Debug|Any CPU.ActiveCfg = Debug|Any CPU
		{ED1775D7-E648-44C1-A105-388C7BF5B736}.Debug|Any CPU.Build.0 = Debug|Any CPU
		{ED1775D7-E648-44C1-A105-388C7BF5B736}.Debug|Mixed Platforms.ActiveCfg = Debug|Any CPU
		{ED1775D7-E648-44C1-A105-388C7BF5B736}.Debug|Mixed Platforms.Build.0 = Debug|Any CPU
		{ED1775D7-E648-44C1-A105-388C7BF5B736}.Debug|x86.ActiveCfg = Debug|Any CPU
		{ED1775D7-E648-44C1-A105-388C7BF5B736}.Release|Any CPU.ActiveCfg = Release|Any CPU
		{ED1775D7-E648-44C1-A105-388C7BF5B736}.Release|Any CPU.Build.0 = Release|Any CPU
		{ED1775D7-E648-44C1-A105-388C7BF5B736}.Release|Mixed Platforms.ActiveCfg = Release|Any CPU
		{ED1775D7-E648-44C1-A105-388C7BF5B736}.Release|Mixed Platforms.Build.0 = Release|Any CPU
		{ED1775D7-E648-44C1-A105-388C7BF5B736}.Release|x86.ActiveCfg = Release|Any CPU
		{0EC25F6C-F79E-49A3-96F3-02866D54D033}.Debug|Any CPU.ActiveCfg = Debug|Any CPU
		{0EC25F6C-F79E-49A3-96F3-02866D54D033}.Debug|Any CPU.Build.0 = Debug|Any CPU
		{0EC25F6C-F79E-49A3-96F3-02866D54D033}.Debug|Mixed Platforms.ActiveCfg = Debug|Any CPU
		{0EC25F6C-F79E-49A3-96F3-02866D54D033}.Debug|Mixed Platforms.Build.0 = Debug|Any CPU
		{0EC25F6C-F79E-49A3-96F3-02866D54D033}.Debug|x86.ActiveCfg = Debug|Any CPU
		{0EC25F6C-F79E-49A3-96F3-02866D54D033}.Release|Any CPU.ActiveCfg = Release|Any CPU
		{0EC25F6C-F79E-49A3-96F3-02866D54D033}.Release|Any CPU.Build.0 = Release|Any CPU
		{0EC25F6C-F79E-49A3-96F3-02866D54D033}.Release|Mixed Platforms.ActiveCfg = Release|Any CPU
		{0EC25F6C-F79E-49A3-96F3-02866D54D033}.Release|Mixed Platforms.Build.0 = Release|Any CPU
		{0EC25F6C-F79E-49A3-96F3-02866D54D033}.Release|x86.ActiveCfg = Release|Any CPU
		{8487CCFC-3A0F-4039-8361-626A4C09BFF3}.Debug|Any CPU.ActiveCfg = Debug|Any CPU
		{8487CCFC-3A0F-4039-8361-626A4C09BFF3}.Debug|Any CPU.Build.0 = Debug|Any CPU
		{8487CCFC-3A0F-4039-8361-626A4C09BFF3}.Debug|Mixed Platforms.ActiveCfg = Debug|Any CPU
		{8487CCFC-3A0F-4039-8361-626A4C09BFF3}.Debug|Mixed Platforms.Build.0 = Debug|Any CPU
		{8487CCFC-3A0F-4039-8361-626A4C09BFF3}.Debug|x86.ActiveCfg = Debug|Any CPU
		{8487CCFC-3A0F-4039-8361-626A4C09BFF3}.Release|Any CPU.ActiveCfg = Release|Any CPU
		{8487CCFC-3A0F-4039-8361-626A4C09BFF3}.Release|Any CPU.Build.0 = Release|Any CPU
		{8487CCFC-3A0F-4039-8361-626A4C09BFF3}.Release|Mixed Platforms.ActiveCfg = Release|Any CPU
		{8487CCFC-3A0F-4039-8361-626A4C09BFF3}.Release|Mixed Platforms.Build.0 = Release|Any CPU
		{8487CCFC-3A0F-4039-8361-626A4C09BFF3}.Release|x86.ActiveCfg = Release|Any CPU
		{47306658-C6D5-4420-9048-2685A798BFB4}.Debug|Any CPU.ActiveCfg = Debug|Any CPU
		{47306658-C6D5-4420-9048-2685A798BFB4}.Debug|Any CPU.Build.0 = Debug|Any CPU
		{47306658-C6D5-4420-9048-2685A798BFB4}.Debug|Mixed Platforms.ActiveCfg = Debug|Any CPU
		{47306658-C6D5-4420-9048-2685A798BFB4}.Debug|Mixed Platforms.Build.0 = Debug|Any CPU
		{47306658-C6D5-4420-9048-2685A798BFB4}.Debug|x86.ActiveCfg = Debug|Any CPU
		{47306658-C6D5-4420-9048-2685A798BFB4}.Release|Any CPU.ActiveCfg = Release|Any CPU
		{47306658-C6D5-4420-9048-2685A798BFB4}.Release|Any CPU.Build.0 = Release|Any CPU
		{47306658-C6D5-4420-9048-2685A798BFB4}.Release|Mixed Platforms.ActiveCfg = Release|Any CPU
		{47306658-C6D5-4420-9048-2685A798BFB4}.Release|Mixed Platforms.Build.0 = Release|Any CPU
		{47306658-C6D5-4420-9048-2685A798BFB4}.Release|x86.ActiveCfg = Release|Any CPU
		{B3C1D4A7-EE42-4EEA-BC87-73C025566C2B}.Debug|Any CPU.ActiveCfg = Debug|Any CPU
		{B3C1D4A7-EE42-4EEA-BC87-73C025566C2B}.Debug|Any CPU.Build.0 = Debug|Any CPU
		{B3C1D4A7-EE42-4EEA-BC87-73C025566C2B}.Debug|Mixed Platforms.ActiveCfg = Debug|Any CPU
		{B3C1D4A7-EE42-4EEA-BC87-73C025566C2B}.Debug|Mixed Platforms.Build.0 = Debug|Any CPU
		{B3C1D4A7-EE42-4EEA-BC87-73C025566C2B}.Debug|x86.ActiveCfg = Debug|Any CPU
		{B3C1D4A7-EE42-4EEA-BC87-73C025566C2B}.Release|Any CPU.ActiveCfg = Release|Any CPU
		{B3C1D4A7-EE42-4EEA-BC87-73C025566C2B}.Release|Any CPU.Build.0 = Release|Any CPU
		{B3C1D4A7-EE42-4EEA-BC87-73C025566C2B}.Release|Mixed Platforms.ActiveCfg = Release|Any CPU
		{B3C1D4A7-EE42-4EEA-BC87-73C025566C2B}.Release|Mixed Platforms.Build.0 = Release|Any CPU
		{B3C1D4A7-EE42-4EEA-BC87-73C025566C2B}.Release|x86.ActiveCfg = Release|Any CPU
		{2DC37E32-149E-4E0E-B42E-0B0633F6B8E1}.Debug|Any CPU.ActiveCfg = Debug|Any CPU
		{2DC37E32-149E-4E0E-B42E-0B0633F6B8E1}.Debug|Any CPU.Build.0 = Debug|Any CPU
		{2DC37E32-149E-4E0E-B42E-0B0633F6B8E1}.Debug|Mixed Platforms.ActiveCfg = Debug|Any CPU
		{2DC37E32-149E-4E0E-B42E-0B0633F6B8E1}.Debug|Mixed Platforms.Build.0 = Debug|Any CPU
		{2DC37E32-149E-4E0E-B42E-0B0633F6B8E1}.Debug|x86.ActiveCfg = Debug|Any CPU
		{2DC37E32-149E-4E0E-B42E-0B0633F6B8E1}.Release|Any CPU.ActiveCfg = Release|Any CPU
		{2DC37E32-149E-4E0E-B42E-0B0633F6B8E1}.Release|Any CPU.Build.0 = Release|Any CPU
		{2DC37E32-149E-4E0E-B42E-0B0633F6B8E1}.Release|Mixed Platforms.ActiveCfg = Release|Any CPU
		{2DC37E32-149E-4E0E-B42E-0B0633F6B8E1}.Release|Mixed Platforms.Build.0 = Release|Any CPU
		{2DC37E32-149E-4E0E-B42E-0B0633F6B8E1}.Release|x86.ActiveCfg = Release|Any CPU
		{A4D51C41-546D-4E7F-BF95-69B8EFC17D6C}.Debug|Any CPU.ActiveCfg = Debug|Any CPU
		{A4D51C41-546D-4E7F-BF95-69B8EFC17D6C}.Debug|Any CPU.Build.0 = Debug|Any CPU
		{A4D51C41-546D-4E7F-BF95-69B8EFC17D6C}.Debug|Mixed Platforms.ActiveCfg = Debug|Any CPU
		{A4D51C41-546D-4E7F-BF95-69B8EFC17D6C}.Debug|Mixed Platforms.Build.0 = Debug|Any CPU
		{A4D51C41-546D-4E7F-BF95-69B8EFC17D6C}.Debug|x86.ActiveCfg = Debug|Any CPU
		{A4D51C41-546D-4E7F-BF95-69B8EFC17D6C}.Release|Any CPU.ActiveCfg = Release|Any CPU
		{A4D51C41-546D-4E7F-BF95-69B8EFC17D6C}.Release|Any CPU.Build.0 = Release|Any CPU
		{A4D51C41-546D-4E7F-BF95-69B8EFC17D6C}.Release|Mixed Platforms.ActiveCfg = Release|Any CPU
		{A4D51C41-546D-4E7F-BF95-69B8EFC17D6C}.Release|Mixed Platforms.Build.0 = Release|Any CPU
		{A4D51C41-546D-4E7F-BF95-69B8EFC17D6C}.Release|x86.ActiveCfg = Release|Any CPU
		{7F6325D7-E62B-4EA8-9CFF-704F51607D11}.Debug|Any CPU.ActiveCfg = Debug|Any CPU
		{7F6325D7-E62B-4EA8-9CFF-704F51607D11}.Debug|Any CPU.Build.0 = Debug|Any CPU
		{7F6325D7-E62B-4EA8-9CFF-704F51607D11}.Debug|Mixed Platforms.ActiveCfg = Debug|Any CPU
		{7F6325D7-E62B-4EA8-9CFF-704F51607D11}.Debug|Mixed Platforms.Build.0 = Debug|Any CPU
		{7F6325D7-E62B-4EA8-9CFF-704F51607D11}.Debug|x86.ActiveCfg = Debug|Any CPU
		{7F6325D7-E62B-4EA8-9CFF-704F51607D11}.Release|Any CPU.ActiveCfg = Release|Any CPU
		{7F6325D7-E62B-4EA8-9CFF-704F51607D11}.Release|Any CPU.Build.0 = Release|Any CPU
		{7F6325D7-E62B-4EA8-9CFF-704F51607D11}.Release|Mixed Platforms.ActiveCfg = Release|Any CPU
		{7F6325D7-E62B-4EA8-9CFF-704F51607D11}.Release|Mixed Platforms.Build.0 = Release|Any CPU
		{7F6325D7-E62B-4EA8-9CFF-704F51607D11}.Release|x86.ActiveCfg = Release|Any CPU
		{294E270F-B289-48DD-9616-BA037E3A548F}.Debug|Any CPU.ActiveCfg = Debug|Any CPU
		{294E270F-B289-48DD-9616-BA037E3A548F}.Debug|Any CPU.Build.0 = Debug|Any CPU
		{294E270F-B289-48DD-9616-BA037E3A548F}.Debug|Mixed Platforms.ActiveCfg = Debug|Any CPU
		{294E270F-B289-48DD-9616-BA037E3A548F}.Debug|Mixed Platforms.Build.0 = Debug|Any CPU
		{294E270F-B289-48DD-9616-BA037E3A548F}.Debug|x86.ActiveCfg = Debug|Any CPU
		{294E270F-B289-48DD-9616-BA037E3A548F}.Release|Any CPU.ActiveCfg = Release|Any CPU
		{294E270F-B289-48DD-9616-BA037E3A548F}.Release|Any CPU.Build.0 = Release|Any CPU
		{294E270F-B289-48DD-9616-BA037E3A548F}.Release|Mixed Platforms.ActiveCfg = Release|Any CPU
		{294E270F-B289-48DD-9616-BA037E3A548F}.Release|Mixed Platforms.Build.0 = Release|Any CPU
		{294E270F-B289-48DD-9616-BA037E3A548F}.Release|x86.ActiveCfg = Release|Any CPU
		{4A692980-7C2B-4C37-BAF9-59CDB931F7D8}.Debug|Any CPU.ActiveCfg = Debug|Any CPU
		{4A692980-7C2B-4C37-BAF9-59CDB931F7D8}.Debug|Any CPU.Build.0 = Debug|Any CPU
		{4A692980-7C2B-4C37-BAF9-59CDB931F7D8}.Debug|Mixed Platforms.ActiveCfg = Debug|Any CPU
		{4A692980-7C2B-4C37-BAF9-59CDB931F7D8}.Debug|Mixed Platforms.Build.0 = Debug|Any CPU
		{4A692980-7C2B-4C37-BAF9-59CDB931F7D8}.Debug|x86.ActiveCfg = Debug|Any CPU
		{4A692980-7C2B-4C37-BAF9-59CDB931F7D8}.Release|Any CPU.ActiveCfg = Release|Any CPU
		{4A692980-7C2B-4C37-BAF9-59CDB931F7D8}.Release|Any CPU.Build.0 = Release|Any CPU
		{4A692980-7C2B-4C37-BAF9-59CDB931F7D8}.Release|Mixed Platforms.ActiveCfg = Release|Any CPU
		{4A692980-7C2B-4C37-BAF9-59CDB931F7D8}.Release|Mixed Platforms.Build.0 = Release|Any CPU
		{4A692980-7C2B-4C37-BAF9-59CDB931F7D8}.Release|x86.ActiveCfg = Release|Any CPU
		{925090EF-3140-45F6-A369-4D3926680BC6}.Debug|Any CPU.ActiveCfg = Debug|Any CPU
		{925090EF-3140-45F6-A369-4D3926680BC6}.Debug|Any CPU.Build.0 = Debug|Any CPU
		{925090EF-3140-45F6-A369-4D3926680BC6}.Debug|Mixed Platforms.ActiveCfg = Debug|Any CPU
		{925090EF-3140-45F6-A369-4D3926680BC6}.Debug|Mixed Platforms.Build.0 = Debug|Any CPU
		{925090EF-3140-45F6-A369-4D3926680BC6}.Debug|x86.ActiveCfg = Debug|Any CPU
		{925090EF-3140-45F6-A369-4D3926680BC6}.Release|Any CPU.ActiveCfg = Release|Any CPU
		{925090EF-3140-45F6-A369-4D3926680BC6}.Release|Any CPU.Build.0 = Release|Any CPU
		{925090EF-3140-45F6-A369-4D3926680BC6}.Release|Mixed Platforms.ActiveCfg = Release|Any CPU
		{925090EF-3140-45F6-A369-4D3926680BC6}.Release|Mixed Platforms.Build.0 = Release|Any CPU
		{925090EF-3140-45F6-A369-4D3926680BC6}.Release|x86.ActiveCfg = Release|Any CPU
		{2BFE69A6-C62E-4E7D-B3FB-55173F229D66}.Debug|Any CPU.ActiveCfg = Debug|Any CPU
		{2BFE69A6-C62E-4E7D-B3FB-55173F229D66}.Debug|Any CPU.Build.0 = Debug|Any CPU
		{2BFE69A6-C62E-4E7D-B3FB-55173F229D66}.Debug|Mixed Platforms.ActiveCfg = Debug|Any CPU
		{2BFE69A6-C62E-4E7D-B3FB-55173F229D66}.Debug|Mixed Platforms.Build.0 = Debug|Any CPU
		{2BFE69A6-C62E-4E7D-B3FB-55173F229D66}.Debug|x86.ActiveCfg = Debug|Any CPU
		{2BFE69A6-C62E-4E7D-B3FB-55173F229D66}.Release|Any CPU.ActiveCfg = Release|Any CPU
		{2BFE69A6-C62E-4E7D-B3FB-55173F229D66}.Release|Any CPU.Build.0 = Release|Any CPU
		{2BFE69A6-C62E-4E7D-B3FB-55173F229D66}.Release|Mixed Platforms.ActiveCfg = Release|Any CPU
		{2BFE69A6-C62E-4E7D-B3FB-55173F229D66}.Release|Mixed Platforms.Build.0 = Release|Any CPU
		{2BFE69A6-C62E-4E7D-B3FB-55173F229D66}.Release|x86.ActiveCfg = Release|Any CPU
		{FFAD0B6F-4581-4BC4-A46A-0D07F342900C}.Debug|Any CPU.ActiveCfg = Debug|Any CPU
		{FFAD0B6F-4581-4BC4-A46A-0D07F342900C}.Debug|Any CPU.Build.0 = Debug|Any CPU
		{FFAD0B6F-4581-4BC4-A46A-0D07F342900C}.Debug|Mixed Platforms.ActiveCfg = Debug|Any CPU
		{FFAD0B6F-4581-4BC4-A46A-0D07F342900C}.Debug|Mixed Platforms.Build.0 = Debug|Any CPU
		{FFAD0B6F-4581-4BC4-A46A-0D07F342900C}.Debug|x86.ActiveCfg = Debug|Any CPU
		{FFAD0B6F-4581-4BC4-A46A-0D07F342900C}.Release|Any CPU.ActiveCfg = Release|Any CPU
		{FFAD0B6F-4581-4BC4-A46A-0D07F342900C}.Release|Any CPU.Build.0 = Release|Any CPU
		{FFAD0B6F-4581-4BC4-A46A-0D07F342900C}.Release|Mixed Platforms.ActiveCfg = Release|Any CPU
		{FFAD0B6F-4581-4BC4-A46A-0D07F342900C}.Release|Mixed Platforms.Build.0 = Release|Any CPU
		{FFAD0B6F-4581-4BC4-A46A-0D07F342900C}.Release|x86.ActiveCfg = Release|Any CPU
		{83C59AC2-600D-4091-8FBF-30040C766E7B}.Debug|Any CPU.ActiveCfg = Debug|Any CPU
		{83C59AC2-600D-4091-8FBF-30040C766E7B}.Debug|Any CPU.Build.0 = Debug|Any CPU
		{83C59AC2-600D-4091-8FBF-30040C766E7B}.Debug|Mixed Platforms.ActiveCfg = Debug|Any CPU
		{83C59AC2-600D-4091-8FBF-30040C766E7B}.Debug|Mixed Platforms.Build.0 = Debug|Any CPU
		{83C59AC2-600D-4091-8FBF-30040C766E7B}.Debug|x86.ActiveCfg = Debug|Any CPU
		{83C59AC2-600D-4091-8FBF-30040C766E7B}.Release|Any CPU.ActiveCfg = Release|Any CPU
		{83C59AC2-600D-4091-8FBF-30040C766E7B}.Release|Any CPU.Build.0 = Release|Any CPU
		{83C59AC2-600D-4091-8FBF-30040C766E7B}.Release|Mixed Platforms.ActiveCfg = Release|Any CPU
		{83C59AC2-600D-4091-8FBF-30040C766E7B}.Release|Mixed Platforms.Build.0 = Release|Any CPU
		{83C59AC2-600D-4091-8FBF-30040C766E7B}.Release|x86.ActiveCfg = Release|Any CPU
		{1AAC1CDD-0FEE-4EF1-BFAC-F782EEB64B51}.Debug|Any CPU.ActiveCfg = Debug|Any CPU
		{1AAC1CDD-0FEE-4EF1-BFAC-F782EEB64B51}.Debug|Any CPU.Build.0 = Debug|Any CPU
		{1AAC1CDD-0FEE-4EF1-BFAC-F782EEB64B51}.Debug|Mixed Platforms.ActiveCfg = Debug|Any CPU
		{1AAC1CDD-0FEE-4EF1-BFAC-F782EEB64B51}.Debug|Mixed Platforms.Build.0 = Debug|Any CPU
		{1AAC1CDD-0FEE-4EF1-BFAC-F782EEB64B51}.Debug|x86.ActiveCfg = Debug|Any CPU
		{1AAC1CDD-0FEE-4EF1-BFAC-F782EEB64B51}.Release|Any CPU.ActiveCfg = Release|Any CPU
		{1AAC1CDD-0FEE-4EF1-BFAC-F782EEB64B51}.Release|Any CPU.Build.0 = Release|Any CPU
		{1AAC1CDD-0FEE-4EF1-BFAC-F782EEB64B51}.Release|Mixed Platforms.ActiveCfg = Release|Any CPU
		{1AAC1CDD-0FEE-4EF1-BFAC-F782EEB64B51}.Release|Mixed Platforms.Build.0 = Release|Any CPU
		{1AAC1CDD-0FEE-4EF1-BFAC-F782EEB64B51}.Release|x86.ActiveCfg = Release|Any CPU
		{C44B2121-BAC7-4E4C-B20C-DCB1C047D957}.Debug|Any CPU.ActiveCfg = Debug|x86
		{C44B2121-BAC7-4E4C-B20C-DCB1C047D957}.Debug|Mixed Platforms.ActiveCfg = Debug|x86
		{C44B2121-BAC7-4E4C-B20C-DCB1C047D957}.Debug|Mixed Platforms.Build.0 = Debug|x86
		{C44B2121-BAC7-4E4C-B20C-DCB1C047D957}.Debug|x86.ActiveCfg = Debug|x86
		{C44B2121-BAC7-4E4C-B20C-DCB1C047D957}.Debug|x86.Build.0 = Debug|x86
		{C44B2121-BAC7-4E4C-B20C-DCB1C047D957}.Release|Any CPU.ActiveCfg = Release|x86
		{C44B2121-BAC7-4E4C-B20C-DCB1C047D957}.Release|Mixed Platforms.ActiveCfg = Release|x86
		{C44B2121-BAC7-4E4C-B20C-DCB1C047D957}.Release|Mixed Platforms.Build.0 = Release|x86
		{C44B2121-BAC7-4E4C-B20C-DCB1C047D957}.Release|x86.ActiveCfg = Release|x86
		{C44B2121-BAC7-4E4C-B20C-DCB1C047D957}.Release|x86.Build.0 = Release|x86
		{02140B68-9FB1-40C0-87F8-B36A3C7EE668}.Debug|Any CPU.ActiveCfg = Debug|Any CPU
		{02140B68-9FB1-40C0-87F8-B36A3C7EE668}.Debug|Any CPU.Build.0 = Debug|Any CPU
		{02140B68-9FB1-40C0-87F8-B36A3C7EE668}.Debug|Mixed Platforms.ActiveCfg = Debug|Any CPU
		{02140B68-9FB1-40C0-87F8-B36A3C7EE668}.Debug|Mixed Platforms.Build.0 = Debug|Any CPU
		{02140B68-9FB1-40C0-87F8-B36A3C7EE668}.Debug|x86.ActiveCfg = Debug|Any CPU
		{02140B68-9FB1-40C0-87F8-B36A3C7EE668}.Release|Any CPU.ActiveCfg = Release|Any CPU
		{02140B68-9FB1-40C0-87F8-B36A3C7EE668}.Release|Any CPU.Build.0 = Release|Any CPU
		{02140B68-9FB1-40C0-87F8-B36A3C7EE668}.Release|Mixed Platforms.ActiveCfg = Release|Any CPU
		{02140B68-9FB1-40C0-87F8-B36A3C7EE668}.Release|Mixed Platforms.Build.0 = Release|Any CPU
		{02140B68-9FB1-40C0-87F8-B36A3C7EE668}.Release|x86.ActiveCfg = Release|Any CPU
		{A72E83CE-5308-4324-A4DC-A09063735502}.Debug|Any CPU.ActiveCfg = Debug|Any CPU
		{A72E83CE-5308-4324-A4DC-A09063735502}.Debug|Any CPU.Build.0 = Debug|Any CPU
		{A72E83CE-5308-4324-A4DC-A09063735502}.Debug|Mixed Platforms.ActiveCfg = Debug|Any CPU
		{A72E83CE-5308-4324-A4DC-A09063735502}.Debug|Mixed Platforms.Build.0 = Debug|Any CPU
		{A72E83CE-5308-4324-A4DC-A09063735502}.Debug|x86.ActiveCfg = Debug|Any CPU
		{A72E83CE-5308-4324-A4DC-A09063735502}.Release|Any CPU.ActiveCfg = Release|Any CPU
		{A72E83CE-5308-4324-A4DC-A09063735502}.Release|Any CPU.Build.0 = Release|Any CPU
		{A72E83CE-5308-4324-A4DC-A09063735502}.Release|Mixed Platforms.ActiveCfg = Release|Any CPU
		{A72E83CE-5308-4324-A4DC-A09063735502}.Release|Mixed Platforms.Build.0 = Release|Any CPU
		{A72E83CE-5308-4324-A4DC-A09063735502}.Release|x86.ActiveCfg = Release|Any CPU
		{5F030A6F-7A64-451D-A737-6997040C65CB}.Debug|Any CPU.ActiveCfg = Debug|x86
		{5F030A6F-7A64-451D-A737-6997040C65CB}.Debug|Mixed Platforms.ActiveCfg = Debug|x86
		{5F030A6F-7A64-451D-A737-6997040C65CB}.Debug|Mixed Platforms.Build.0 = Debug|x86
		{5F030A6F-7A64-451D-A737-6997040C65CB}.Debug|x86.ActiveCfg = Debug|x86
		{5F030A6F-7A64-451D-A737-6997040C65CB}.Debug|x86.Build.0 = Debug|x86
		{5F030A6F-7A64-451D-A737-6997040C65CB}.Release|Any CPU.ActiveCfg = Release|x86
		{5F030A6F-7A64-451D-A737-6997040C65CB}.Release|Mixed Platforms.ActiveCfg = Release|x86
		{5F030A6F-7A64-451D-A737-6997040C65CB}.Release|Mixed Platforms.Build.0 = Release|x86
		{5F030A6F-7A64-451D-A737-6997040C65CB}.Release|x86.ActiveCfg = Release|x86
		{5F030A6F-7A64-451D-A737-6997040C65CB}.Release|x86.Build.0 = Release|x86
		{D5A5AFC7-2284-42D1-BDB0-D9F4BE562F8A}.Debug|Any CPU.ActiveCfg = Debug|x86
		{D5A5AFC7-2284-42D1-BDB0-D9F4BE562F8A}.Debug|Mixed Platforms.ActiveCfg = Debug|x86
		{D5A5AFC7-2284-42D1-BDB0-D9F4BE562F8A}.Debug|Mixed Platforms.Build.0 = Debug|x86
		{D5A5AFC7-2284-42D1-BDB0-D9F4BE562F8A}.Debug|x86.ActiveCfg = Debug|x86
		{D5A5AFC7-2284-42D1-BDB0-D9F4BE562F8A}.Debug|x86.Build.0 = Debug|x86
		{D5A5AFC7-2284-42D1-BDB0-D9F4BE562F8A}.Release|Any CPU.ActiveCfg = Release|x86
		{D5A5AFC7-2284-42D1-BDB0-D9F4BE562F8A}.Release|Mixed Platforms.ActiveCfg = Release|x86
		{D5A5AFC7-2284-42D1-BDB0-D9F4BE562F8A}.Release|Mixed Platforms.Build.0 = Release|x86
		{D5A5AFC7-2284-42D1-BDB0-D9F4BE562F8A}.Release|x86.ActiveCfg = Release|x86
		{D5A5AFC7-2284-42D1-BDB0-D9F4BE562F8A}.Release|x86.Build.0 = Release|x86
		{90D578FA-D6FF-4F28-B085-5BFB1ABBFEA5}.Debug|Any CPU.ActiveCfg = Debug|Any CPU
		{90D578FA-D6FF-4F28-B085-5BFB1ABBFEA5}.Debug|Any CPU.Build.0 = Debug|Any CPU
		{90D578FA-D6FF-4F28-B085-5BFB1ABBFEA5}.Debug|Mixed Platforms.ActiveCfg = Debug|Any CPU
		{90D578FA-D6FF-4F28-B085-5BFB1ABBFEA5}.Debug|Mixed Platforms.Build.0 = Debug|Any CPU
		{90D578FA-D6FF-4F28-B085-5BFB1ABBFEA5}.Debug|x86.ActiveCfg = Debug|Any CPU
		{90D578FA-D6FF-4F28-B085-5BFB1ABBFEA5}.Release|Any CPU.ActiveCfg = Release|Any CPU
		{90D578FA-D6FF-4F28-B085-5BFB1ABBFEA5}.Release|Any CPU.Build.0 = Release|Any CPU
		{90D578FA-D6FF-4F28-B085-5BFB1ABBFEA5}.Release|Mixed Platforms.ActiveCfg = Release|Any CPU
		{90D578FA-D6FF-4F28-B085-5BFB1ABBFEA5}.Release|Mixed Platforms.Build.0 = Release|Any CPU
		{90D578FA-D6FF-4F28-B085-5BFB1ABBFEA5}.Release|x86.ActiveCfg = Release|Any CPU
		{BB6ADC53-9057-43C8-A64D-6E6F96DA34E8}.Debug|Any CPU.ActiveCfg = Debug|Any CPU
		{BB6ADC53-9057-43C8-A64D-6E6F96DA34E8}.Debug|Any CPU.Build.0 = Debug|Any CPU
		{BB6ADC53-9057-43C8-A64D-6E6F96DA34E8}.Debug|Mixed Platforms.ActiveCfg = Debug|Any CPU
		{BB6ADC53-9057-43C8-A64D-6E6F96DA34E8}.Debug|Mixed Platforms.Build.0 = Debug|Any CPU
		{BB6ADC53-9057-43C8-A64D-6E6F96DA34E8}.Debug|x86.ActiveCfg = Debug|Any CPU
		{BB6ADC53-9057-43C8-A64D-6E6F96DA34E8}.Release|Any CPU.ActiveCfg = Release|Any CPU
		{BB6ADC53-9057-43C8-A64D-6E6F96DA34E8}.Release|Any CPU.Build.0 = Release|Any CPU
		{BB6ADC53-9057-43C8-A64D-6E6F96DA34E8}.Release|Mixed Platforms.ActiveCfg = Release|Any CPU
		{BB6ADC53-9057-43C8-A64D-6E6F96DA34E8}.Release|Mixed Platforms.Build.0 = Release|Any CPU
		{BB6ADC53-9057-43C8-A64D-6E6F96DA34E8}.Release|x86.ActiveCfg = Release|Any CPU
		{87B9408C-232F-48DD-AB47-46BD90E983CF}.Debug|Any CPU.ActiveCfg = Debug|Any CPU
		{87B9408C-232F-48DD-AB47-46BD90E983CF}.Debug|Any CPU.Build.0 = Debug|Any CPU
		{87B9408C-232F-48DD-AB47-46BD90E983CF}.Debug|Mixed Platforms.ActiveCfg = Debug|Any CPU
		{87B9408C-232F-48DD-AB47-46BD90E983CF}.Debug|Mixed Platforms.Build.0 = Debug|Any CPU
		{87B9408C-232F-48DD-AB47-46BD90E983CF}.Debug|x86.ActiveCfg = Debug|Any CPU
		{87B9408C-232F-48DD-AB47-46BD90E983CF}.Release|Any CPU.ActiveCfg = Release|Any CPU
		{87B9408C-232F-48DD-AB47-46BD90E983CF}.Release|Any CPU.Build.0 = Release|Any CPU
		{87B9408C-232F-48DD-AB47-46BD90E983CF}.Release|Mixed Platforms.ActiveCfg = Release|Any CPU
		{87B9408C-232F-48DD-AB47-46BD90E983CF}.Release|Mixed Platforms.Build.0 = Release|Any CPU
		{87B9408C-232F-48DD-AB47-46BD90E983CF}.Release|x86.ActiveCfg = Release|Any CPU
		{4F60E2D9-7679-4979-842A-4A6FD34AA613}.Debug|Any CPU.ActiveCfg = Debug|Any CPU
		{4F60E2D9-7679-4979-842A-4A6FD34AA613}.Debug|Any CPU.Build.0 = Debug|Any CPU
		{4F60E2D9-7679-4979-842A-4A6FD34AA613}.Debug|Mixed Platforms.ActiveCfg = Debug|Any CPU
		{4F60E2D9-7679-4979-842A-4A6FD34AA613}.Debug|Mixed Platforms.Build.0 = Debug|Any CPU
		{4F60E2D9-7679-4979-842A-4A6FD34AA613}.Debug|x86.ActiveCfg = Debug|Any CPU
		{4F60E2D9-7679-4979-842A-4A6FD34AA613}.Release|Any CPU.ActiveCfg = Release|Any CPU
		{4F60E2D9-7679-4979-842A-4A6FD34AA613}.Release|Any CPU.Build.0 = Release|Any CPU
		{4F60E2D9-7679-4979-842A-4A6FD34AA613}.Release|Mixed Platforms.ActiveCfg = Release|Any CPU
		{4F60E2D9-7679-4979-842A-4A6FD34AA613}.Release|Mixed Platforms.Build.0 = Release|Any CPU
		{4F60E2D9-7679-4979-842A-4A6FD34AA613}.Release|x86.ActiveCfg = Release|Any CPU
		{7258DC5B-1874-4E70-80E3-C77C6EF6AF73}.Debug|Any CPU.ActiveCfg = Debug|Any CPU
		{7258DC5B-1874-4E70-80E3-C77C6EF6AF73}.Debug|Any CPU.Build.0 = Debug|Any CPU
		{7258DC5B-1874-4E70-80E3-C77C6EF6AF73}.Debug|Mixed Platforms.ActiveCfg = Debug|Any CPU
		{7258DC5B-1874-4E70-80E3-C77C6EF6AF73}.Debug|Mixed Platforms.Build.0 = Debug|Any CPU
		{7258DC5B-1874-4E70-80E3-C77C6EF6AF73}.Debug|x86.ActiveCfg = Debug|Any CPU
		{7258DC5B-1874-4E70-80E3-C77C6EF6AF73}.Release|Any CPU.ActiveCfg = Release|Any CPU
		{7258DC5B-1874-4E70-80E3-C77C6EF6AF73}.Release|Any CPU.Build.0 = Release|Any CPU
		{7258DC5B-1874-4E70-80E3-C77C6EF6AF73}.Release|Mixed Platforms.ActiveCfg = Release|Any CPU
		{7258DC5B-1874-4E70-80E3-C77C6EF6AF73}.Release|Mixed Platforms.Build.0 = Release|Any CPU
		{7258DC5B-1874-4E70-80E3-C77C6EF6AF73}.Release|x86.ActiveCfg = Release|Any CPU
		{B9F51850-824A-4E92-B602-F40AC9006AA7}.Debug|Any CPU.ActiveCfg = Debug|Any CPU
		{B9F51850-824A-4E92-B602-F40AC9006AA7}.Debug|Any CPU.Build.0 = Debug|Any CPU
		{B9F51850-824A-4E92-B602-F40AC9006AA7}.Debug|Mixed Platforms.ActiveCfg = Debug|Any CPU
		{B9F51850-824A-4E92-B602-F40AC9006AA7}.Debug|Mixed Platforms.Build.0 = Debug|Any CPU
		{B9F51850-824A-4E92-B602-F40AC9006AA7}.Debug|x86.ActiveCfg = Debug|Any CPU
		{B9F51850-824A-4E92-B602-F40AC9006AA7}.Release|Any CPU.ActiveCfg = Release|Any CPU
		{B9F51850-824A-4E92-B602-F40AC9006AA7}.Release|Any CPU.Build.0 = Release|Any CPU
		{B9F51850-824A-4E92-B602-F40AC9006AA7}.Release|Mixed Platforms.ActiveCfg = Release|Any CPU
		{B9F51850-824A-4E92-B602-F40AC9006AA7}.Release|Mixed Platforms.Build.0 = Release|Any CPU
		{B9F51850-824A-4E92-B602-F40AC9006AA7}.Release|x86.ActiveCfg = Release|Any CPU
		{5AC4DD1A-0F1E-48F0-A7AE-993388741FF0}.Debug|Any CPU.ActiveCfg = Debug|Any CPU
		{5AC4DD1A-0F1E-48F0-A7AE-993388741FF0}.Debug|Any CPU.Build.0 = Debug|Any CPU
		{5AC4DD1A-0F1E-48F0-A7AE-993388741FF0}.Debug|Mixed Platforms.ActiveCfg = Debug|Any CPU
		{5AC4DD1A-0F1E-48F0-A7AE-993388741FF0}.Debug|Mixed Platforms.Build.0 = Debug|Any CPU
		{5AC4DD1A-0F1E-48F0-A7AE-993388741FF0}.Debug|x86.ActiveCfg = Debug|Any CPU
		{5AC4DD1A-0F1E-48F0-A7AE-993388741FF0}.Release|Any CPU.ActiveCfg = Release|Any CPU
		{5AC4DD1A-0F1E-48F0-A7AE-993388741FF0}.Release|Any CPU.Build.0 = Release|Any CPU
		{5AC4DD1A-0F1E-48F0-A7AE-993388741FF0}.Release|Mixed Platforms.ActiveCfg = Release|Any CPU
		{5AC4DD1A-0F1E-48F0-A7AE-993388741FF0}.Release|Mixed Platforms.Build.0 = Release|Any CPU
		{5AC4DD1A-0F1E-48F0-A7AE-993388741FF0}.Release|x86.ActiveCfg = Release|Any CPU
		{6C893E40-56ED-4516-8D18-041BF6663CE5}.Debug|Any CPU.ActiveCfg = Debug|Any CPU
		{6C893E40-56ED-4516-8D18-041BF6663CE5}.Debug|Any CPU.Build.0 = Debug|Any CPU
		{6C893E40-56ED-4516-8D18-041BF6663CE5}.Debug|Mixed Platforms.ActiveCfg = Debug|Any CPU
		{6C893E40-56ED-4516-8D18-041BF6663CE5}.Debug|Mixed Platforms.Build.0 = Debug|Any CPU
		{6C893E40-56ED-4516-8D18-041BF6663CE5}.Debug|x86.ActiveCfg = Debug|Any CPU
		{6C893E40-56ED-4516-8D18-041BF6663CE5}.Release|Any CPU.ActiveCfg = Release|Any CPU
		{6C893E40-56ED-4516-8D18-041BF6663CE5}.Release|Any CPU.Build.0 = Release|Any CPU
		{6C893E40-56ED-4516-8D18-041BF6663CE5}.Release|Mixed Platforms.ActiveCfg = Release|Any CPU
		{6C893E40-56ED-4516-8D18-041BF6663CE5}.Release|Mixed Platforms.Build.0 = Release|Any CPU
		{6C893E40-56ED-4516-8D18-041BF6663CE5}.Release|x86.ActiveCfg = Release|Any CPU
		{A05FDBB4-1F1D-4D35-B35B-E10CB9CE0029}.Debug|Any CPU.ActiveCfg = Debug|x86
		{A05FDBB4-1F1D-4D35-B35B-E10CB9CE0029}.Debug|Mixed Platforms.ActiveCfg = Debug|x86
		{A05FDBB4-1F1D-4D35-B35B-E10CB9CE0029}.Debug|Mixed Platforms.Build.0 = Debug|x86
		{A05FDBB4-1F1D-4D35-B35B-E10CB9CE0029}.Debug|x86.ActiveCfg = Debug|x86
		{A05FDBB4-1F1D-4D35-B35B-E10CB9CE0029}.Debug|x86.Build.0 = Debug|x86
		{A05FDBB4-1F1D-4D35-B35B-E10CB9CE0029}.Release|Any CPU.ActiveCfg = Release|x86
		{A05FDBB4-1F1D-4D35-B35B-E10CB9CE0029}.Release|Mixed Platforms.ActiveCfg = Release|x86
		{A05FDBB4-1F1D-4D35-B35B-E10CB9CE0029}.Release|Mixed Platforms.Build.0 = Release|x86
		{A05FDBB4-1F1D-4D35-B35B-E10CB9CE0029}.Release|x86.ActiveCfg = Release|x86
		{A05FDBB4-1F1D-4D35-B35B-E10CB9CE0029}.Release|x86.Build.0 = Release|x86
		{8D5C57C7-BDDD-4502-AC7E-7844FCA56DA3}.Debug|Any CPU.ActiveCfg = Debug|Any CPU
		{8D5C57C7-BDDD-4502-AC7E-7844FCA56DA3}.Debug|Any CPU.Build.0 = Debug|Any CPU
		{8D5C57C7-BDDD-4502-AC7E-7844FCA56DA3}.Debug|Mixed Platforms.ActiveCfg = Debug|Any CPU
		{8D5C57C7-BDDD-4502-AC7E-7844FCA56DA3}.Debug|Mixed Platforms.Build.0 = Debug|Any CPU
		{8D5C57C7-BDDD-4502-AC7E-7844FCA56DA3}.Debug|x86.ActiveCfg = Debug|Any CPU
		{8D5C57C7-BDDD-4502-AC7E-7844FCA56DA3}.Release|Any CPU.ActiveCfg = Release|Any CPU
		{8D5C57C7-BDDD-4502-AC7E-7844FCA56DA3}.Release|Any CPU.Build.0 = Release|Any CPU
		{8D5C57C7-BDDD-4502-AC7E-7844FCA56DA3}.Release|Mixed Platforms.ActiveCfg = Release|Any CPU
		{8D5C57C7-BDDD-4502-AC7E-7844FCA56DA3}.Release|Mixed Platforms.Build.0 = Release|Any CPU
		{8D5C57C7-BDDD-4502-AC7E-7844FCA56DA3}.Release|x86.ActiveCfg = Release|Any CPU
		{B2AB0577-6BF5-48FD-BBA9-69E106033B43}.Debug|Any CPU.ActiveCfg = Debug|x86
		{B2AB0577-6BF5-48FD-BBA9-69E106033B43}.Debug|Mixed Platforms.ActiveCfg = Debug|x86
		{B2AB0577-6BF5-48FD-BBA9-69E106033B43}.Debug|Mixed Platforms.Build.0 = Debug|x86
		{B2AB0577-6BF5-48FD-BBA9-69E106033B43}.Debug|x86.ActiveCfg = Debug|x86
		{B2AB0577-6BF5-48FD-BBA9-69E106033B43}.Debug|x86.Build.0 = Debug|x86
		{B2AB0577-6BF5-48FD-BBA9-69E106033B43}.Release|Any CPU.ActiveCfg = Release|x86
		{B2AB0577-6BF5-48FD-BBA9-69E106033B43}.Release|Mixed Platforms.ActiveCfg = Release|x86
		{B2AB0577-6BF5-48FD-BBA9-69E106033B43}.Release|Mixed Platforms.Build.0 = Release|x86
		{B2AB0577-6BF5-48FD-BBA9-69E106033B43}.Release|x86.ActiveCfg = Release|x86
		{B2AB0577-6BF5-48FD-BBA9-69E106033B43}.Release|x86.Build.0 = Release|x86
		{6CD95B4F-90DE-42EB-B856-AFC3BFDA52A1}.Debug|Any CPU.ActiveCfg = Debug|x86
		{6CD95B4F-90DE-42EB-B856-AFC3BFDA52A1}.Debug|Mixed Platforms.ActiveCfg = Debug|x86
		{6CD95B4F-90DE-42EB-B856-AFC3BFDA52A1}.Debug|Mixed Platforms.Build.0 = Debug|x86
		{6CD95B4F-90DE-42EB-B856-AFC3BFDA52A1}.Debug|x86.ActiveCfg = Debug|x86
		{6CD95B4F-90DE-42EB-B856-AFC3BFDA52A1}.Debug|x86.Build.0 = Debug|x86
		{6CD95B4F-90DE-42EB-B856-AFC3BFDA52A1}.Release|Any CPU.ActiveCfg = Release|x86
		{6CD95B4F-90DE-42EB-B856-AFC3BFDA52A1}.Release|Mixed Platforms.ActiveCfg = Release|x86
		{6CD95B4F-90DE-42EB-B856-AFC3BFDA52A1}.Release|Mixed Platforms.Build.0 = Release|x86
		{6CD95B4F-90DE-42EB-B856-AFC3BFDA52A1}.Release|x86.ActiveCfg = Release|x86
		{6CD95B4F-90DE-42EB-B856-AFC3BFDA52A1}.Release|x86.Build.0 = Release|x86
		{178D2164-5CFC-48EC-AC0F-095D785A3B27}.Debug|Any CPU.ActiveCfg = Debug|x86
		{178D2164-5CFC-48EC-AC0F-095D785A3B27}.Debug|Mixed Platforms.ActiveCfg = Debug|x86
		{178D2164-5CFC-48EC-AC0F-095D785A3B27}.Debug|Mixed Platforms.Build.0 = Debug|x86
		{178D2164-5CFC-48EC-AC0F-095D785A3B27}.Debug|x86.ActiveCfg = Debug|x86
		{178D2164-5CFC-48EC-AC0F-095D785A3B27}.Debug|x86.Build.0 = Debug|x86
		{178D2164-5CFC-48EC-AC0F-095D785A3B27}.Release|Any CPU.ActiveCfg = Release|x86
		{178D2164-5CFC-48EC-AC0F-095D785A3B27}.Release|Mixed Platforms.ActiveCfg = Release|x86
		{178D2164-5CFC-48EC-AC0F-095D785A3B27}.Release|Mixed Platforms.Build.0 = Release|x86
		{178D2164-5CFC-48EC-AC0F-095D785A3B27}.Release|x86.ActiveCfg = Release|x86
		{178D2164-5CFC-48EC-AC0F-095D785A3B27}.Release|x86.Build.0 = Release|x86
		{9E0EBB16-5DB1-4299-8154-95BDF111F594}.Debug|Any CPU.ActiveCfg = Debug|x86
		{9E0EBB16-5DB1-4299-8154-95BDF111F594}.Debug|Mixed Platforms.ActiveCfg = Debug|x86
		{9E0EBB16-5DB1-4299-8154-95BDF111F594}.Debug|Mixed Platforms.Build.0 = Debug|x86
		{9E0EBB16-5DB1-4299-8154-95BDF111F594}.Debug|x86.ActiveCfg = Debug|x86
		{9E0EBB16-5DB1-4299-8154-95BDF111F594}.Debug|x86.Build.0 = Debug|x86
		{9E0EBB16-5DB1-4299-8154-95BDF111F594}.Release|Any CPU.ActiveCfg = Release|x86
		{9E0EBB16-5DB1-4299-8154-95BDF111F594}.Release|Mixed Platforms.ActiveCfg = Release|x86
		{9E0EBB16-5DB1-4299-8154-95BDF111F594}.Release|Mixed Platforms.Build.0 = Release|x86
		{9E0EBB16-5DB1-4299-8154-95BDF111F594}.Release|x86.ActiveCfg = Release|x86
		{9E0EBB16-5DB1-4299-8154-95BDF111F594}.Release|x86.Build.0 = Release|x86
		{760EB3CB-D4C3-4085-AC93-2B6DF254D78C}.Debug|Any CPU.ActiveCfg = Debug|x86
		{760EB3CB-D4C3-4085-AC93-2B6DF254D78C}.Debug|Mixed Platforms.ActiveCfg = Debug|x86
		{760EB3CB-D4C3-4085-AC93-2B6DF254D78C}.Debug|Mixed Platforms.Build.0 = Debug|x86
		{760EB3CB-D4C3-4085-AC93-2B6DF254D78C}.Debug|x86.ActiveCfg = Debug|x86
		{760EB3CB-D4C3-4085-AC93-2B6DF254D78C}.Debug|x86.Build.0 = Debug|x86
		{760EB3CB-D4C3-4085-AC93-2B6DF254D78C}.Release|Any CPU.ActiveCfg = Release|x86
		{760EB3CB-D4C3-4085-AC93-2B6DF254D78C}.Release|Mixed Platforms.ActiveCfg = Release|x86
		{760EB3CB-D4C3-4085-AC93-2B6DF254D78C}.Release|Mixed Platforms.Build.0 = Release|x86
		{760EB3CB-D4C3-4085-AC93-2B6DF254D78C}.Release|x86.ActiveCfg = Release|x86
		{760EB3CB-D4C3-4085-AC93-2B6DF254D78C}.Release|x86.Build.0 = Release|x86
		{97C91B62-E4ED-4C85-863A-D5F15B68B213}.Debug|Any CPU.ActiveCfg = Debug|x86
		{97C91B62-E4ED-4C85-863A-D5F15B68B213}.Debug|Mixed Platforms.ActiveCfg = Debug|x86
		{97C91B62-E4ED-4C85-863A-D5F15B68B213}.Debug|Mixed Platforms.Build.0 = Debug|x86
		{97C91B62-E4ED-4C85-863A-D5F15B68B213}.Debug|x86.ActiveCfg = Debug|x86
		{97C91B62-E4ED-4C85-863A-D5F15B68B213}.Debug|x86.Build.0 = Debug|x86
		{97C91B62-E4ED-4C85-863A-D5F15B68B213}.Release|Any CPU.ActiveCfg = Release|x86
		{97C91B62-E4ED-4C85-863A-D5F15B68B213}.Release|Mixed Platforms.ActiveCfg = Release|x86
		{97C91B62-E4ED-4C85-863A-D5F15B68B213}.Release|Mixed Platforms.Build.0 = Release|x86
		{97C91B62-E4ED-4C85-863A-D5F15B68B213}.Release|x86.ActiveCfg = Release|x86
		{97C91B62-E4ED-4C85-863A-D5F15B68B213}.Release|x86.Build.0 = Release|x86
		{5C260878-6F6C-4F4F-97B6-28FD8C483857}.Debug|Any CPU.ActiveCfg = Debug|x86
		{5C260878-6F6C-4F4F-97B6-28FD8C483857}.Debug|Mixed Platforms.ActiveCfg = Debug|x86
		{5C260878-6F6C-4F4F-97B6-28FD8C483857}.Debug|Mixed Platforms.Build.0 = Debug|x86
		{5C260878-6F6C-4F4F-97B6-28FD8C483857}.Debug|x86.ActiveCfg = Debug|x86
		{5C260878-6F6C-4F4F-97B6-28FD8C483857}.Debug|x86.Build.0 = Debug|x86
		{5C260878-6F6C-4F4F-97B6-28FD8C483857}.Release|Any CPU.ActiveCfg = Release|x86
		{5C260878-6F6C-4F4F-97B6-28FD8C483857}.Release|Mixed Platforms.ActiveCfg = Release|x86
		{5C260878-6F6C-4F4F-97B6-28FD8C483857}.Release|Mixed Platforms.Build.0 = Release|x86
		{5C260878-6F6C-4F4F-97B6-28FD8C483857}.Release|x86.ActiveCfg = Release|x86
		{5C260878-6F6C-4F4F-97B6-28FD8C483857}.Release|x86.Build.0 = Release|x86
		{1D904809-9D16-48FF-95DB-E82ADFDD7D61}.Debug|Any CPU.ActiveCfg = Debug|Any CPU
		{1D904809-9D16-48FF-95DB-E82ADFDD7D61}.Debug|Any CPU.Build.0 = Debug|Any CPU
		{1D904809-9D16-48FF-95DB-E82ADFDD7D61}.Debug|Mixed Platforms.ActiveCfg = Debug|Any CPU
		{1D904809-9D16-48FF-95DB-E82ADFDD7D61}.Debug|Mixed Platforms.Build.0 = Debug|Any CPU
		{1D904809-9D16-48FF-95DB-E82ADFDD7D61}.Debug|x86.ActiveCfg = Debug|Any CPU
		{1D904809-9D16-48FF-95DB-E82ADFDD7D61}.Release|Any CPU.ActiveCfg = Release|Any CPU
		{1D904809-9D16-48FF-95DB-E82ADFDD7D61}.Release|Any CPU.Build.0 = Release|Any CPU
		{1D904809-9D16-48FF-95DB-E82ADFDD7D61}.Release|Mixed Platforms.ActiveCfg = Release|Any CPU
		{1D904809-9D16-48FF-95DB-E82ADFDD7D61}.Release|Mixed Platforms.Build.0 = Release|Any CPU
		{1D904809-9D16-48FF-95DB-E82ADFDD7D61}.Release|x86.ActiveCfg = Release|Any CPU
		{DAB6FC03-33E2-4949-841A-0AC50F80FA6F}.Debug|Any CPU.ActiveCfg = Debug|x86
		{DAB6FC03-33E2-4949-841A-0AC50F80FA6F}.Debug|Mixed Platforms.ActiveCfg = Debug|x86
		{DAB6FC03-33E2-4949-841A-0AC50F80FA6F}.Debug|Mixed Platforms.Build.0 = Debug|x86
		{DAB6FC03-33E2-4949-841A-0AC50F80FA6F}.Debug|x86.ActiveCfg = Debug|x86
		{DAB6FC03-33E2-4949-841A-0AC50F80FA6F}.Debug|x86.Build.0 = Debug|x86
		{DAB6FC03-33E2-4949-841A-0AC50F80FA6F}.Release|Any CPU.ActiveCfg = Release|x86
		{DAB6FC03-33E2-4949-841A-0AC50F80FA6F}.Release|Mixed Platforms.ActiveCfg = Release|x86
		{DAB6FC03-33E2-4949-841A-0AC50F80FA6F}.Release|Mixed Platforms.Build.0 = Release|x86
		{DAB6FC03-33E2-4949-841A-0AC50F80FA6F}.Release|x86.ActiveCfg = Release|x86
		{DAB6FC03-33E2-4949-841A-0AC50F80FA6F}.Release|x86.Build.0 = Release|x86
		{4C7E9BF1-B1B4-486F-BFCC-59638185B3ED}.Debug|Any CPU.ActiveCfg = Debug|x86
		{4C7E9BF1-B1B4-486F-BFCC-59638185B3ED}.Debug|Mixed Platforms.ActiveCfg = Debug|x86
		{4C7E9BF1-B1B4-486F-BFCC-59638185B3ED}.Debug|Mixed Platforms.Build.0 = Debug|x86
		{4C7E9BF1-B1B4-486F-BFCC-59638185B3ED}.Debug|x86.ActiveCfg = Debug|x86
		{4C7E9BF1-B1B4-486F-BFCC-59638185B3ED}.Debug|x86.Build.0 = Debug|x86
		{4C7E9BF1-B1B4-486F-BFCC-59638185B3ED}.Release|Any CPU.ActiveCfg = Release|x86
		{4C7E9BF1-B1B4-486F-BFCC-59638185B3ED}.Release|Mixed Platforms.ActiveCfg = Release|x86
		{4C7E9BF1-B1B4-486F-BFCC-59638185B3ED}.Release|Mixed Platforms.Build.0 = Release|x86
		{4C7E9BF1-B1B4-486F-BFCC-59638185B3ED}.Release|x86.ActiveCfg = Release|x86
		{4C7E9BF1-B1B4-486F-BFCC-59638185B3ED}.Release|x86.Build.0 = Release|x86
		{20F25840-EE97-4B70-B65A-D88919C83360}.Debug|Any CPU.ActiveCfg = Debug|x86
		{20F25840-EE97-4B70-B65A-D88919C83360}.Debug|Mixed Platforms.ActiveCfg = Debug|x86
		{20F25840-EE97-4B70-B65A-D88919C83360}.Debug|Mixed Platforms.Build.0 = Debug|x86
		{20F25840-EE97-4B70-B65A-D88919C83360}.Debug|x86.ActiveCfg = Debug|x86
		{20F25840-EE97-4B70-B65A-D88919C83360}.Debug|x86.Build.0 = Debug|x86
		{20F25840-EE97-4B70-B65A-D88919C83360}.Release|Any CPU.ActiveCfg = Release|x86
		{20F25840-EE97-4B70-B65A-D88919C83360}.Release|Mixed Platforms.ActiveCfg = Release|x86
		{20F25840-EE97-4B70-B65A-D88919C83360}.Release|Mixed Platforms.Build.0 = Release|x86
		{20F25840-EE97-4B70-B65A-D88919C83360}.Release|x86.ActiveCfg = Release|x86
		{20F25840-EE97-4B70-B65A-D88919C83360}.Release|x86.Build.0 = Release|x86
		{988F0DE2-6514-434C-9840-5E3E468C348B}.Debug|Any CPU.ActiveCfg = Debug|Any CPU
		{988F0DE2-6514-434C-9840-5E3E468C348B}.Debug|Any CPU.Build.0 = Debug|Any CPU
		{988F0DE2-6514-434C-9840-5E3E468C348B}.Debug|Mixed Platforms.ActiveCfg = Debug|Any CPU
		{988F0DE2-6514-434C-9840-5E3E468C348B}.Debug|Mixed Platforms.Build.0 = Debug|Any CPU
		{988F0DE2-6514-434C-9840-5E3E468C348B}.Debug|x86.ActiveCfg = Debug|Any CPU
		{988F0DE2-6514-434C-9840-5E3E468C348B}.Release|Any CPU.ActiveCfg = Release|Any CPU
		{988F0DE2-6514-434C-9840-5E3E468C348B}.Release|Any CPU.Build.0 = Release|Any CPU
		{988F0DE2-6514-434C-9840-5E3E468C348B}.Release|Mixed Platforms.ActiveCfg = Release|Any CPU
		{988F0DE2-6514-434C-9840-5E3E468C348B}.Release|Mixed Platforms.Build.0 = Release|Any CPU
		{988F0DE2-6514-434C-9840-5E3E468C348B}.Release|x86.ActiveCfg = Release|Any CPU
	EndGlobalSection
	GlobalSection(SolutionProperties) = preSolution
		HideSolutionNode = FALSE
	EndGlobalSection
	GlobalSection(NestedProjects) = preSolution
		{430A6A72-F18E-4CED-AF17-159764333772} = {13A1A91D-0CA8-49DD-9CE7-BCCCCF4DBBAC}
		{58D3EC28-8FB3-4FBB-A1C2-04A132DD843C} = {13A1A91D-0CA8-49DD-9CE7-BCCCCF4DBBAC}
		{569D5CA3-E894-403B-9406-F96ED5CA5A95} = {13A1A91D-0CA8-49DD-9CE7-BCCCCF4DBBAC}
		{49BF471C-D2FC-400D-B44D-883DEC2A8B50} = {13A1A91D-0CA8-49DD-9CE7-BCCCCF4DBBAC}
		{B25C250F-2FFC-4BD8-B574-C4854A3FB4E5} = {13A1A91D-0CA8-49DD-9CE7-BCCCCF4DBBAC}
		{77A15828-07A9-44E9-8659-E70557D5B5FA} = {13A1A91D-0CA8-49DD-9CE7-BCCCCF4DBBAC}
		{ED1775D7-E648-44C1-A105-388C7BF5B736} = {13A1A91D-0CA8-49DD-9CE7-BCCCCF4DBBAC}
		{47306658-C6D5-4420-9048-2685A798BFB4} = {13A1A91D-0CA8-49DD-9CE7-BCCCCF4DBBAC}
		{FFAD0B6F-4581-4BC4-A46A-0D07F342900C} = {13A1A91D-0CA8-49DD-9CE7-BCCCCF4DBBAC}
		{02140B68-9FB1-40C0-87F8-B36A3C7EE668} = {13A1A91D-0CA8-49DD-9CE7-BCCCCF4DBBAC}
		{7258DC5B-1874-4E70-80E3-C77C6EF6AF73} = {13A1A91D-0CA8-49DD-9CE7-BCCCCF4DBBAC}
		{5AC4DD1A-0F1E-48F0-A7AE-993388741FF0} = {13A1A91D-0CA8-49DD-9CE7-BCCCCF4DBBAC}
		{988F0DE2-6514-434C-9840-5E3E468C348B} = {13A1A91D-0CA8-49DD-9CE7-BCCCCF4DBBAC}
		{E7CB8DA4-CFD8-4156-AD18-9AF80C331D94} = {F9FB1A35-150E-4D30-AB5E-A130DEA76E78}
		{F7A7A1D6-C9A2-4A4C-A09E-E12474355486} = {F9FB1A35-150E-4D30-AB5E-A130DEA76E78}
		{0C2F2C00-C401-4AD1-9F24-BFB80C91F516} = {F9FB1A35-150E-4D30-AB5E-A130DEA76E78}
		{335B38E7-845C-4D6E-BCC7-BFBD47D8B678} = {0EE28FA5-E11D-4EAD-BA95-576778255D00}
		{E28743F3-A529-4782-B51B-8EFC0415DDE0} = {0EE28FA5-E11D-4EAD-BA95-576778255D00}
		{76908B50-22D9-4047-A657-F4ED63478C8F} = {0EE28FA5-E11D-4EAD-BA95-576778255D00}
		{36A7422A-409A-4E03-BC62-D6296464136D} = {0EE28FA5-E11D-4EAD-BA95-576778255D00}
		{FF8E19E2-1A33-453B-80DD-0E80F40C0461} = {0EE28FA5-E11D-4EAD-BA95-576778255D00}
		{97BDE38F-4E22-4451-9275-34FFC85FCA0A} = {0EE28FA5-E11D-4EAD-BA95-576778255D00}
		{B75FEA5B-5997-41B8-B8FA-ABB8FD35460E} = {0EE28FA5-E11D-4EAD-BA95-576778255D00}
		{E90FD0B2-8D8A-4290-878F-F1612017BB07} = {0EE28FA5-E11D-4EAD-BA95-576778255D00}
		{9C19C79A-B56C-49FB-877B-AA29412C207F} = {0EE28FA5-E11D-4EAD-BA95-576778255D00}
		{3C2BAF32-F4E1-4D8C-B06E-F1FB76E7629D} = {0EE28FA5-E11D-4EAD-BA95-576778255D00}
		{08783B4E-0F91-4923-898B-590033FF4264} = {0EE28FA5-E11D-4EAD-BA95-576778255D00}
		{F83A1DAE-B0FC-4CF7-8A83-E667D650B1AD} = {0EE28FA5-E11D-4EAD-BA95-576778255D00}
		{573DD238-B059-4487-80F2-B63E24DEE539} = {0EE28FA5-E11D-4EAD-BA95-576778255D00}
		{0AC3CD44-6FDD-4E0E-8B88-DA6FFA2F9343} = {0EE28FA5-E11D-4EAD-BA95-576778255D00}
		{8487CCFC-3A0F-4039-8361-626A4C09BFF3} = {0EE28FA5-E11D-4EAD-BA95-576778255D00}
		{90D578FA-D6FF-4F28-B085-5BFB1ABBFEA5} = {0EE28FA5-E11D-4EAD-BA95-576778255D00}
		{6C893E40-56ED-4516-8D18-041BF6663CE5} = {0EE28FA5-E11D-4EAD-BA95-576778255D00}
		{8D5C57C7-BDDD-4502-AC7E-7844FCA56DA3} = {0EE28FA5-E11D-4EAD-BA95-576778255D00}
		{1D904809-9D16-48FF-95DB-E82ADFDD7D61} = {0EE28FA5-E11D-4EAD-BA95-576778255D00}
		{1451D0FC-4788-443C-B00E-E9F33CEB908D} = {CBD9A9D1-3514-4DE3-84BB-E8A278E28AD9}
		{A05FDBB4-1F1D-4D35-B35B-E10CB9CE0029} = {CBD9A9D1-3514-4DE3-84BB-E8A278E28AD9}
		{B2AB0577-6BF5-48FD-BBA9-69E106033B43} = {CBD9A9D1-3514-4DE3-84BB-E8A278E28AD9}
		{178D2164-5CFC-48EC-AC0F-095D785A3B27} = {CBD9A9D1-3514-4DE3-84BB-E8A278E28AD9}
		{9E0EBB16-5DB1-4299-8154-95BDF111F594} = {CBD9A9D1-3514-4DE3-84BB-E8A278E28AD9}
		{DAB6FC03-33E2-4949-841A-0AC50F80FA6F} = {CBD9A9D1-3514-4DE3-84BB-E8A278E28AD9}
		{08230AB8-9FC6-4FE3-B3D2-ECE08C1BBFBA} = {335B38E7-845C-4D6E-BCC7-BFBD47D8B678}
		{739B5F36-75E0-4CE3-9333-487022587793} = {335B38E7-845C-4D6E-BCC7-BFBD47D8B678}
		{1F32523F-B6D8-4A17-A4DB-409C3047EE78} = {335B38E7-845C-4D6E-BCC7-BFBD47D8B678}
		{0EC25F6C-F79E-49A3-96F3-02866D54D033} = {335B38E7-845C-4D6E-BCC7-BFBD47D8B678}
		{B3C1D4A7-EE42-4EEA-BC87-73C025566C2B} = {335B38E7-845C-4D6E-BCC7-BFBD47D8B678}
		{2DC37E32-149E-4E0E-B42E-0B0633F6B8E1} = {335B38E7-845C-4D6E-BCC7-BFBD47D8B678}
		{A4D51C41-546D-4E7F-BF95-69B8EFC17D6C} = {335B38E7-845C-4D6E-BCC7-BFBD47D8B678}
		{7F6325D7-E62B-4EA8-9CFF-704F51607D11} = {335B38E7-845C-4D6E-BCC7-BFBD47D8B678}
		{294E270F-B289-48DD-9616-BA037E3A548F} = {335B38E7-845C-4D6E-BCC7-BFBD47D8B678}
		{4A692980-7C2B-4C37-BAF9-59CDB931F7D8} = {335B38E7-845C-4D6E-BCC7-BFBD47D8B678}
		{925090EF-3140-45F6-A369-4D3926680BC6} = {335B38E7-845C-4D6E-BCC7-BFBD47D8B678}
		{2BFE69A6-C62E-4E7D-B3FB-55173F229D66} = {335B38E7-845C-4D6E-BCC7-BFBD47D8B678}
		{1AAC1CDD-0FEE-4EF1-BFAC-F782EEB64B51} = {335B38E7-845C-4D6E-BCC7-BFBD47D8B678}
		{C44B2121-BAC7-4E4C-B20C-DCB1C047D957} = {335B38E7-845C-4D6E-BCC7-BFBD47D8B678}
		{A72E83CE-5308-4324-A4DC-A09063735502} = {335B38E7-845C-4D6E-BCC7-BFBD47D8B678}
		{5F030A6F-7A64-451D-A737-6997040C65CB} = {335B38E7-845C-4D6E-BCC7-BFBD47D8B678}
		{D5A5AFC7-2284-42D1-BDB0-D9F4BE562F8A} = {335B38E7-845C-4D6E-BCC7-BFBD47D8B678}
		{87B9408C-232F-48DD-AB47-46BD90E983CF} = {335B38E7-845C-4D6E-BCC7-BFBD47D8B678}
		{4F60E2D9-7679-4979-842A-4A6FD34AA613} = {335B38E7-845C-4D6E-BCC7-BFBD47D8B678}
		{6CD95B4F-90DE-42EB-B856-AFC3BFDA52A1} = {335B38E7-845C-4D6E-BCC7-BFBD47D8B678}
		{760EB3CB-D4C3-4085-AC93-2B6DF254D78C} = {335B38E7-845C-4D6E-BCC7-BFBD47D8B678}
		{97C91B62-E4ED-4C85-863A-D5F15B68B213} = {335B38E7-845C-4D6E-BCC7-BFBD47D8B678}
		{5C260878-6F6C-4F4F-97B6-28FD8C483857} = {335B38E7-845C-4D6E-BCC7-BFBD47D8B678}
		{4C7E9BF1-B1B4-486F-BFCC-59638185B3ED} = {335B38E7-845C-4D6E-BCC7-BFBD47D8B678}
		{20F25840-EE97-4B70-B65A-D88919C83360} = {335B38E7-845C-4D6E-BCC7-BFBD47D8B678}
	EndGlobalSection
EndGlobal
