
Microsoft Visual Studio Solution File, Format Version 11.00
# Visual Studio 2010
Project("{FAE04EC0-301F-11D3-BF4B-00C04F79EFBC}") = "TrimFuel.ComPlus", "TrimFuel.ComPlus.csproj", "{28EAC108-766A-4FB3-9FE3-F489A6550BB9}"
EndProject
Global
	GlobalSection(SolutionConfigurationPlatforms) = preSolution
		Debug|Any CPU = Debug|Any CPU
		Release|Any CPU = Release|Any CPU
	EndGlobalSection
	GlobalSection(ProjectConfigurationPlatforms) = postSolution
		{28EAC108-766A-4FB3-9FE3-F489A6550BB9}.Debug|Any CPU.ActiveCfg = Debug|Any CPU
		{28EAC108-766A-4FB3-9FE3-F489A6550BB9}.Debug|Any CPU.Build.0 = Debug|Any CPU
		{28EAC108-766A-4FB3-9FE3-F489A6550BB9}.Release|Any CPU.ActiveCfg = Release|Any CPU
		{28EAC108-766A-4FB3-9FE3-F489A6550BB9}.Release|Any CPU.Build.0 = Release|Any CPU
	EndGlobalSection
	GlobalSection(SolutionProperties) = preSolution
		HideSolutionNode = FALSE
	EndGlobalSection
EndGlobal
